// !$*UTF8*$!
{
	archiveVersion = 1;
	classes = {
	};
	objectVersion = 51;
	objects = {

/* Begin PBXBuildFile section */
		24D446624F4446B2DC2A6F60 /* Pods_Connect_Prevision.framework in Frameworks */ = {isa = PBXBuildFile; fileRef = CACCC4735F274190AE27D064 /* Pods_Connect_Prevision.framework */; };
		625EA77D25E9042B0030DC26 /* UIView.swift in Sources */ = {isa = PBXBuildFile; fileRef = 625EA77C25E9042B0030DC26 /* UIView.swift */; };
		625EA78325E90E690030DC26 /* TelaCadastroViewController.swift in Sources */ = {isa = PBXBuildFile; fileRef = 625EA78225E90E690030DC26 /* TelaCadastroViewController.swift */; };
		625EA78B25E90E720030DC26 /* TelaCadastroView.swift in Sources */ = {isa = PBXBuildFile; fileRef = 625EA78A25E90E720030DC26 /* TelaCadastroView.swift */; };
		625EA79125E9133D0030DC26 /* TextFieldFormulario.swift in Sources */ = {isa = PBXBuildFile; fileRef = 625EA79025E9133D0030DC26 /* TextFieldFormulario.swift */; };
		626BC63A2608CFC4000AC793 /* CadastroCoordinator.swift in Sources */ = {isa = PBXBuildFile; fileRef = 626BC6392608CFC4000AC793 /* CadastroCoordinator.swift */; };
		626DD7D1260A09EF001A7931 /* GoogleService-Info.plist in Resources */ = {isa = PBXBuildFile; fileRef = 626DD7D0260A09EF001A7931 /* GoogleService-Info.plist */; };
		6293C1B025E7E69900718F31 /* AppDelegate.swift in Sources */ = {isa = PBXBuildFile; fileRef = 6293C1AF25E7E69900718F31 /* AppDelegate.swift */; };
		6293C1B425E7E69900718F31 /* TelaLoginViewController.swift in Sources */ = {isa = PBXBuildFile; fileRef = 6293C1B325E7E69900718F31 /* TelaLoginViewController.swift */; };
		6293C1B925E7E69900718F31 /* Assets.xcassets in Resources */ = {isa = PBXBuildFile; fileRef = 6293C1B825E7E69900718F31 /* Assets.xcassets */; };
		6293C1BC25E7E69900718F31 /* LaunchScreen.storyboard in Resources */ = {isa = PBXBuildFile; fileRef = 6293C1BA25E7E69900718F31 /* LaunchScreen.storyboard */; };
		6293C1C725E7E69900718F31 /* Connect_PrevisionTests.swift in Sources */ = {isa = PBXBuildFile; fileRef = 6293C1C625E7E69900718F31 /* Connect_PrevisionTests.swift */; };
		6293C1D225E7E69900718F31 /* Connect_PrevisionUITests.swift in Sources */ = {isa = PBXBuildFile; fileRef = 6293C1D125E7E69900718F31 /* Connect_PrevisionUITests.swift */; };
		6293C1FB25E7E8BD00718F31 /* TelaLoginView.swift in Sources */ = {isa = PBXBuildFile; fileRef = 6293C1FA25E7E8BD00718F31 /* TelaLoginView.swift */; };
		6294CD8025ED521500F2555A /* TempoModel.swift in Sources */ = {isa = PBXBuildFile; fileRef = 6294CD7F25ED521500F2555A /* TempoModel.swift */; };
		6294CD8625ED569C00F2555A /* TelaHomeView.swift in Sources */ = {isa = PBXBuildFile; fileRef = 6294CD8525ED569C00F2555A /* TelaHomeView.swift */; };
		6294CD8B25ED56A700F2555A /* TelaHomeViewController.swift in Sources */ = {isa = PBXBuildFile; fileRef = 6294CD8A25ED56A700F2555A /* TelaHomeViewController.swift */; };
		62BC6E842608E4CE00A04F73 /* LoginCoordinator.swift in Sources */ = {isa = PBXBuildFile; fileRef = 62BC6E832608E4CE00A04F73 /* LoginCoordinator.swift */; };
		62BC6E8D2608FBAD00A04F73 /* HomeCoordinator.swift in Sources */ = {isa = PBXBuildFile; fileRef = 62BC6E8C2608FBAD00A04F73 /* HomeCoordinator.swift */; };
		62F0AD752604CC030011115A /* Coordinator.swift in Sources */ = {isa = PBXBuildFile; fileRef = 62F0AD742604CC030011115A /* Coordinator.swift */; };
		62F0AD7A2604CC0C0011115A /* MainCoordinator.swift in Sources */ = {isa = PBXBuildFile; fileRef = 62F0AD792604CC0C0011115A /* MainCoordinator.swift */; };
		62F0AD802604E01E0011115A /* TelaHomeViewModel.swift in Sources */ = {isa = PBXBuildFile; fileRef = 62F0AD7F2604E01E0011115A /* TelaHomeViewModel.swift */; };
		62FAEE5025E9396B0094C58A /* TelaCadastroViewModel.swift in Sources */ = {isa = PBXBuildFile; fileRef = 62FAEE4F25E9396B0094C58A /* TelaCadastroViewModel.swift */; };
		62FAEEA125E954E60094C58A /* LoginHelper.swift in Sources */ = {isa = PBXBuildFile; fileRef = 62FAEEA025E954E60094C58A /* LoginHelper.swift */; };
		62FAEEA925E954F20094C58A /* SignHelper.swift in Sources */ = {isa = PBXBuildFile; fileRef = 62FAEEA825E954F20094C58A /* SignHelper.swift */; };
		62FAEEAF25E955470094C58A /* FireBaseLoginSignModel.swift in Sources */ = {isa = PBXBuildFile; fileRef = 62FAEEAE25E955470094C58A /* FireBaseLoginSignModel.swift */; };
		62FAEEB925E958BE0094C58A /* TelaLoginViewModel.swift in Sources */ = {isa = PBXBuildFile; fileRef = 62FAEEB825E958BE0094C58A /* TelaLoginViewModel.swift */; };
		62FAEEBE25E95EBF0094C58A /* String+Extension.swift in Sources */ = {isa = PBXBuildFile; fileRef = 62FAEEBD25E95EBF0094C58A /* String+Extension.swift */; };
		92123ED208197681D48722E9 /* Pods_Connect_PrevisionTests.framework in Frameworks */ = {isa = PBXBuildFile; fileRef = BA077DD49A23685A5B1C8450 /* Pods_Connect_PrevisionTests.framework */; };
		9547B21E4EFD2D32449333D2 /* Pods_Connect_Prevision_Connect_PrevisionUITests.framework in Frameworks */ = {isa = PBXBuildFile; fileRef = B4A1C15CBE336AD1301AF048 /* Pods_Connect_Prevision_Connect_PrevisionUITests.framework */; };
/* End PBXBuildFile section */

/* Begin PBXContainerItemProxy section */
		6293C1C325E7E69900718F31 /* PBXContainerItemProxy */ = {
			isa = PBXContainerItemProxy;
			containerPortal = 6293C1A425E7E69900718F31 /* Project object */;
			proxyType = 1;
			remoteGlobalIDString = 6293C1AB25E7E69900718F31;
			remoteInfo = "Connect Prevision";
		};
		6293C1CE25E7E69900718F31 /* PBXContainerItemProxy */ = {
			isa = PBXContainerItemProxy;
			containerPortal = 6293C1A425E7E69900718F31 /* Project object */;
			proxyType = 1;
			remoteGlobalIDString = 6293C1AB25E7E69900718F31;
			remoteInfo = "Connect Prevision";
		};
/* End PBXContainerItemProxy section */

/* Begin PBXFileReference section */
		1529374601852233D9048D7B /* Pods-Connect PrevisionTests.debug.xcconfig */ = {isa = PBXFileReference; includeInIndex = 1; lastKnownFileType = text.xcconfig; name = "Pods-Connect PrevisionTests.debug.xcconfig"; path = "Target Support Files/Pods-Connect PrevisionTests/Pods-Connect PrevisionTests.debug.xcconfig"; sourceTree = "<group>"; };
		28CA7E09784A8F5EC53B7490 /* Pods-Connect Prevision-Connect PrevisionUITests.debug.xcconfig */ = {isa = PBXFileReference; includeInIndex = 1; lastKnownFileType = text.xcconfig; name = "Pods-Connect Prevision-Connect PrevisionUITests.debug.xcconfig"; path = "Target Support Files/Pods-Connect Prevision-Connect PrevisionUITests/Pods-Connect Prevision-Connect PrevisionUITests.debug.xcconfig"; sourceTree = "<group>"; };
		4B21B64813BB75966730832D /* Pods-Connect Prevision.debug.xcconfig */ = {isa = PBXFileReference; includeInIndex = 1; lastKnownFileType = text.xcconfig; name = "Pods-Connect Prevision.debug.xcconfig"; path = "Target Support Files/Pods-Connect Prevision/Pods-Connect Prevision.debug.xcconfig"; sourceTree = "<group>"; };
		625EA77C25E9042B0030DC26 /* UIView.swift */ = {isa = PBXFileReference; lastKnownFileType = sourcecode.swift; path = UIView.swift; sourceTree = "<group>"; };
		625EA78225E90E690030DC26 /* TelaCadastroViewController.swift */ = {isa = PBXFileReference; lastKnownFileType = sourcecode.swift; path = TelaCadastroViewController.swift; sourceTree = "<group>"; };
		625EA78A25E90E720030DC26 /* TelaCadastroView.swift */ = {isa = PBXFileReference; lastKnownFileType = sourcecode.swift; path = TelaCadastroView.swift; sourceTree = "<group>"; };
		625EA79025E9133D0030DC26 /* TextFieldFormulario.swift */ = {isa = PBXFileReference; lastKnownFileType = sourcecode.swift; path = TextFieldFormulario.swift; sourceTree = "<group>"; };
		626BC6392608CFC4000AC793 /* CadastroCoordinator.swift */ = {isa = PBXFileReference; lastKnownFileType = sourcecode.swift; path = CadastroCoordinator.swift; sourceTree = "<group>"; };
		626DD7D0260A09EF001A7931 /* GoogleService-Info.plist */ = {isa = PBXFileReference; fileEncoding = 4; lastKnownFileType = text.plist.xml; name = "GoogleService-Info.plist"; path = "../../../Desktop/GoogleService-Info.plist"; sourceTree = "<group>"; };
		6293C1AC25E7E69900718F31 /* Connect Prevision.app */ = {isa = PBXFileReference; explicitFileType = wrapper.application; includeInIndex = 0; path = "Connect Prevision.app"; sourceTree = BUILT_PRODUCTS_DIR; };
		6293C1AF25E7E69900718F31 /* AppDelegate.swift */ = {isa = PBXFileReference; lastKnownFileType = sourcecode.swift; path = AppDelegate.swift; sourceTree = "<group>"; };
		6293C1B325E7E69900718F31 /* TelaLoginViewController.swift */ = {isa = PBXFileReference; lastKnownFileType = sourcecode.swift; path = TelaLoginViewController.swift; sourceTree = "<group>"; };
		6293C1B825E7E69900718F31 /* Assets.xcassets */ = {isa = PBXFileReference; lastKnownFileType = folder.assetcatalog; path = Assets.xcassets; sourceTree = "<group>"; };
		6293C1BB25E7E69900718F31 /* Base */ = {isa = PBXFileReference; lastKnownFileType = file.storyboard; name = Base; path = Base.lproj/LaunchScreen.storyboard; sourceTree = "<group>"; };
		6293C1BD25E7E69900718F31 /* Info.plist */ = {isa = PBXFileReference; lastKnownFileType = text.plist.xml; path = Info.plist; sourceTree = "<group>"; };
		6293C1C225E7E69900718F31 /* Connect PrevisionTests.xctest */ = {isa = PBXFileReference; explicitFileType = wrapper.cfbundle; includeInIndex = 0; path = "Connect PrevisionTests.xctest"; sourceTree = BUILT_PRODUCTS_DIR; };
		6293C1C625E7E69900718F31 /* Connect_PrevisionTests.swift */ = {isa = PBXFileReference; lastKnownFileType = sourcecode.swift; path = Connect_PrevisionTests.swift; sourceTree = "<group>"; };
		6293C1C825E7E69900718F31 /* Info.plist */ = {isa = PBXFileReference; lastKnownFileType = text.plist.xml; path = Info.plist; sourceTree = "<group>"; };
		6293C1CD25E7E69900718F31 /* Connect PrevisionUITests.xctest */ = {isa = PBXFileReference; explicitFileType = wrapper.cfbundle; includeInIndex = 0; path = "Connect PrevisionUITests.xctest"; sourceTree = BUILT_PRODUCTS_DIR; };
		6293C1D125E7E69900718F31 /* Connect_PrevisionUITests.swift */ = {isa = PBXFileReference; lastKnownFileType = sourcecode.swift; path = Connect_PrevisionUITests.swift; sourceTree = "<group>"; };
		6293C1D325E7E69900718F31 /* Info.plist */ = {isa = PBXFileReference; lastKnownFileType = text.plist.xml; path = Info.plist; sourceTree = "<group>"; };
		6293C1FA25E7E8BD00718F31 /* TelaLoginView.swift */ = {isa = PBXFileReference; lastKnownFileType = sourcecode.swift; path = TelaLoginView.swift; sourceTree = "<group>"; };
		6294CD7F25ED521500F2555A /* TempoModel.swift */ = {isa = PBXFileReference; lastKnownFileType = sourcecode.swift; path = TempoModel.swift; sourceTree = "<group>"; };
		6294CD8525ED569C00F2555A /* TelaHomeView.swift */ = {isa = PBXFileReference; lastKnownFileType = sourcecode.swift; path = TelaHomeView.swift; sourceTree = "<group>"; };
		6294CD8A25ED56A700F2555A /* TelaHomeViewController.swift */ = {isa = PBXFileReference; lastKnownFileType = sourcecode.swift; path = TelaHomeViewController.swift; sourceTree = "<group>"; };
		62BC6E832608E4CE00A04F73 /* LoginCoordinator.swift */ = {isa = PBXFileReference; lastKnownFileType = sourcecode.swift; path = LoginCoordinator.swift; sourceTree = "<group>"; };
		62BC6E8C2608FBAD00A04F73 /* HomeCoordinator.swift */ = {isa = PBXFileReference; lastKnownFileType = sourcecode.swift; path = HomeCoordinator.swift; sourceTree = "<group>"; };
		62F0AD742604CC030011115A /* Coordinator.swift */ = {isa = PBXFileReference; lastKnownFileType = sourcecode.swift; path = Coordinator.swift; sourceTree = "<group>"; };
		62F0AD792604CC0C0011115A /* MainCoordinator.swift */ = {isa = PBXFileReference; lastKnownFileType = sourcecode.swift; path = MainCoordinator.swift; sourceTree = "<group>"; };
		62F0AD7F2604E01E0011115A /* TelaHomeViewModel.swift */ = {isa = PBXFileReference; lastKnownFileType = sourcecode.swift; path = TelaHomeViewModel.swift; sourceTree = "<group>"; };
		62FAEE4F25E9396B0094C58A /* TelaCadastroViewModel.swift */ = {isa = PBXFileReference; lastKnownFileType = sourcecode.swift; path = TelaCadastroViewModel.swift; sourceTree = "<group>"; };
		62FAEEA025E954E60094C58A /* LoginHelper.swift */ = {isa = PBXFileReference; lastKnownFileType = sourcecode.swift; path = LoginHelper.swift; sourceTree = "<group>"; };
		62FAEEA825E954F20094C58A /* SignHelper.swift */ = {isa = PBXFileReference; lastKnownFileType = sourcecode.swift; path = SignHelper.swift; sourceTree = "<group>"; };
		62FAEEAE25E955470094C58A /* FireBaseLoginSignModel.swift */ = {isa = PBXFileReference; lastKnownFileType = sourcecode.swift; path = FireBaseLoginSignModel.swift; sourceTree = "<group>"; };
		62FAEEB825E958BE0094C58A /* TelaLoginViewModel.swift */ = {isa = PBXFileReference; lastKnownFileType = sourcecode.swift; path = TelaLoginViewModel.swift; sourceTree = "<group>"; };
		62FAEEBD25E95EBF0094C58A /* String+Extension.swift */ = {isa = PBXFileReference; lastKnownFileType = sourcecode.swift; path = "String+Extension.swift"; sourceTree = "<group>"; };
		7BA2B3C5F83AA8723CAA8EFF /* Pods-Connect PrevisionTests.release.xcconfig */ = {isa = PBXFileReference; includeInIndex = 1; lastKnownFileType = text.xcconfig; name = "Pods-Connect PrevisionTests.release.xcconfig"; path = "Target Support Files/Pods-Connect PrevisionTests/Pods-Connect PrevisionTests.release.xcconfig"; sourceTree = "<group>"; };
		846A4108D7DD5D099104FFF4 /* Pods-Connect Prevision.release.xcconfig */ = {isa = PBXFileReference; includeInIndex = 1; lastKnownFileType = text.xcconfig; name = "Pods-Connect Prevision.release.xcconfig"; path = "Target Support Files/Pods-Connect Prevision/Pods-Connect Prevision.release.xcconfig"; sourceTree = "<group>"; };
		B4A1C15CBE336AD1301AF048 /* Pods_Connect_Prevision_Connect_PrevisionUITests.framework */ = {isa = PBXFileReference; explicitFileType = wrapper.framework; includeInIndex = 0; path = Pods_Connect_Prevision_Connect_PrevisionUITests.framework; sourceTree = BUILT_PRODUCTS_DIR; };
		BA077DD49A23685A5B1C8450 /* Pods_Connect_PrevisionTests.framework */ = {isa = PBXFileReference; explicitFileType = wrapper.framework; includeInIndex = 0; path = Pods_Connect_PrevisionTests.framework; sourceTree = BUILT_PRODUCTS_DIR; };
		CACCC4735F274190AE27D064 /* Pods_Connect_Prevision.framework */ = {isa = PBXFileReference; explicitFileType = wrapper.framework; includeInIndex = 0; path = Pods_Connect_Prevision.framework; sourceTree = BUILT_PRODUCTS_DIR; };
		DA16BBD2F4824A3D45F20985 /* Pods-Connect Prevision-Connect PrevisionUITests.release.xcconfig */ = {isa = PBXFileReference; includeInIndex = 1; lastKnownFileType = text.xcconfig; name = "Pods-Connect Prevision-Connect PrevisionUITests.release.xcconfig"; path = "Target Support Files/Pods-Connect Prevision-Connect PrevisionUITests/Pods-Connect Prevision-Connect PrevisionUITests.release.xcconfig"; sourceTree = "<group>"; };
/* End PBXFileReference section */

/* Begin PBXFrameworksBuildPhase section */
		6293C1A925E7E69900718F31 /* Frameworks */ = {
			isa = PBXFrameworksBuildPhase;
			buildActionMask = 2147483647;
			files = (
				24D446624F4446B2DC2A6F60 /* Pods_Connect_Prevision.framework in Frameworks */,
			);
			runOnlyForDeploymentPostprocessing = 0;
		};
		6293C1BF25E7E69900718F31 /* Frameworks */ = {
			isa = PBXFrameworksBuildPhase;
			buildActionMask = 2147483647;
			files = (
				92123ED208197681D48722E9 /* Pods_Connect_PrevisionTests.framework in Frameworks */,
			);
			runOnlyForDeploymentPostprocessing = 0;
		};
		6293C1CA25E7E69900718F31 /* Frameworks */ = {
			isa = PBXFrameworksBuildPhase;
			buildActionMask = 2147483647;
			files = (
				9547B21E4EFD2D32449333D2 /* Pods_Connect_Prevision_Connect_PrevisionUITests.framework in Frameworks */,
			);
			runOnlyForDeploymentPostprocessing = 0;
		};
/* End PBXFrameworksBuildPhase section */

/* Begin PBXGroup section */
		6225699A25E7EC0A003B0F59 /* Constants */ = {
			isa = PBXGroup;
			children = (
			);
			path = Constants;
			sourceTree = "<group>";
		};
		6225699B25E7EC1E003B0F59 /* Extentions */ = {
			isa = PBXGroup;
			children = (
				625EA77C25E9042B0030DC26 /* UIView.swift */,
				62FAEEBD25E95EBF0094C58A /* String+Extension.swift */,
			);
			path = Extentions;
			sourceTree = "<group>";
		};
		6225699C25E7EC26003B0F59 /* Helper */ = {
			isa = PBXGroup;
			children = (
			);
			path = Helper;
			sourceTree = "<group>";
		};
		6225699D25E7EC33003B0F59 /* Networking */ = {
			isa = PBXGroup;
			children = (
			);
			path = Networking;
			sourceTree = "<group>";
		};
		625EA78125E90E570030DC26 /* TelaCadastro */ = {
			isa = PBXGroup;
			children = (
				625EA78A25E90E720030DC26 /* TelaCadastroView.swift */,
				625EA78225E90E690030DC26 /* TelaCadastroViewController.swift */,
			);
			path = TelaCadastro;
			sourceTree = "<group>";
		};
		625EA78F25E9130F0030DC26 /* Components */ = {
			isa = PBXGroup;
			children = (
				625EA79025E9133D0030DC26 /* TextFieldFormulario.swift */,
			);
			path = Components;
			sourceTree = "<group>";
		};
		6293C1A325E7E69900718F31 = {
			isa = PBXGroup;
			children = (
				6293C1AE25E7E69900718F31 /* Connect Prevision */,
				6293C1C525E7E69900718F31 /* Connect PrevisionTests */,
				6293C1D025E7E69900718F31 /* Connect PrevisionUITests */,
				6293C1AD25E7E69900718F31 /* Products */,
				840F35AF77589DA244461CF8 /* Pods */,
				6A3D106188863AFB53844CBB /* Frameworks */,
			);
			sourceTree = "<group>";
		};
		6293C1AD25E7E69900718F31 /* Products */ = {
			isa = PBXGroup;
			children = (
				6293C1AC25E7E69900718F31 /* Connect Prevision.app */,
				6293C1C225E7E69900718F31 /* Connect PrevisionTests.xctest */,
				6293C1CD25E7E69900718F31 /* Connect PrevisionUITests.xctest */,
			);
			name = Products;
			sourceTree = "<group>";
		};
		6293C1AE25E7E69900718F31 /* Connect Prevision */ = {
			isa = PBXGroup;
			children = (
				6293C1F725E7E89300718F31 /* App */,
				6293C1F825E7E8A000718F31 /* Assets */,
				6293C1F525E7E88900718F31 /* Core */,
				62FAEEAD25E9551F0094C58A /* Model */,
				6293C1F625E7E88D00718F31 /* ViewModel */,
				6293C1F425E7E88300718F31 /* View */,
				626DD7D0260A09EF001A7931 /* GoogleService-Info.plist */,
				6293C1BA25E7E69900718F31 /* LaunchScreen.storyboard */,
				6293C1BD25E7E69900718F31 /* Info.plist */,
			);
			path = "Connect Prevision";
			sourceTree = "<group>";
		};
		6293C1C525E7E69900718F31 /* Connect PrevisionTests */ = {
			isa = PBXGroup;
			children = (
				6293C1C625E7E69900718F31 /* Connect_PrevisionTests.swift */,
				6293C1C825E7E69900718F31 /* Info.plist */,
			);
			path = "Connect PrevisionTests";
			sourceTree = "<group>";
		};
		6293C1D025E7E69900718F31 /* Connect PrevisionUITests */ = {
			isa = PBXGroup;
			children = (
				6293C1D125E7E69900718F31 /* Connect_PrevisionUITests.swift */,
				6293C1D325E7E69900718F31 /* Info.plist */,
			);
			path = "Connect PrevisionUITests";
			sourceTree = "<group>";
		};
		6293C1F425E7E88300718F31 /* View */ = {
			isa = PBXGroup;
			children = (
				6294CD8425ED568E00F2555A /* TelaHome */,
				625EA78125E90E570030DC26 /* TelaCadastro */,
				6293C1F925E7E8A900718F31 /* TelaLogin */,
			);
			path = View;
			sourceTree = "<group>";
		};
		6293C1F525E7E88900718F31 /* Core */ = {
			isa = PBXGroup;
			children = (
				62BC6E882608E78A00A04F73 /* Protocol */,
				62F0AD732604CBF50011115A /* Navigation */,
				62FAEE9F25E954D60094C58A /* Firebase */,
				625EA78F25E9130F0030DC26 /* Components */,
				6225699A25E7EC0A003B0F59 /* Constants */,
				6225699B25E7EC1E003B0F59 /* Extentions */,
				6225699C25E7EC26003B0F59 /* Helper */,
				6225699D25E7EC33003B0F59 /* Networking */,
			);
			path = Core;
			sourceTree = "<group>";
		};
		6293C1F625E7E88D00718F31 /* ViewModel */ = {
			isa = PBXGroup;
			children = (
				62F0AD7E2604E00D0011115A /* TelaHome */,
				62FAEE4E25E939590094C58A /* TelaCadastro */,
				62FAEEB725E958880094C58A /* TelaLogin */,
			);
			path = ViewModel;
			sourceTree = "<group>";
		};
		6293C1F725E7E89300718F31 /* App */ = {
			isa = PBXGroup;
			children = (
				6293C1AF25E7E69900718F31 /* AppDelegate.swift */,
			);
			path = App;
			sourceTree = "<group>";
		};
		6293C1F825E7E8A000718F31 /* Assets */ = {
			isa = PBXGroup;
			children = (
				6293C1B825E7E69900718F31 /* Assets.xcassets */,
			);
			path = Assets;
			sourceTree = "<group>";
		};
		6293C1F925E7E8A900718F31 /* TelaLogin */ = {
			isa = PBXGroup;
			children = (
				6293C1FA25E7E8BD00718F31 /* TelaLoginView.swift */,
				6293C1B325E7E69900718F31 /* TelaLoginViewController.swift */,
			);
			path = TelaLogin;
			sourceTree = "<group>";
		};
		6294CD7E25ED520700F2555A /* TelaHome */ = {
			isa = PBXGroup;
			children = (
				6294CD7F25ED521500F2555A /* TempoModel.swift */,
			);
			path = TelaHome;
			sourceTree = "<group>";
		};
		6294CD8425ED568E00F2555A /* TelaHome */ = {
			isa = PBXGroup;
			children = (
				6294CD8525ED569C00F2555A /* TelaHomeView.swift */,
				6294CD8A25ED56A700F2555A /* TelaHomeViewController.swift */,
			);
			path = TelaHome;
			sourceTree = "<group>";
		};
		62BC6E882608E78A00A04F73 /* Protocol */ = {
			isa = PBXGroup;
			children = (
				62F0AD742604CC030011115A /* Coordinator.swift */,
			);
			path = Protocol;
			sourceTree = "<group>";
		};
		62F0AD732604CBF50011115A /* Navigation */ = {
			isa = PBXGroup;
			children = (
				626BC6392608CFC4000AC793 /* CadastroCoordinator.swift */,
				62BC6E832608E4CE00A04F73 /* LoginCoordinator.swift */,
				62F0AD792604CC0C0011115A /* MainCoordinator.swift */,
				62BC6E8C2608FBAD00A04F73 /* HomeCoordinator.swift */,
			);
			path = Navigation;
			sourceTree = "<group>";
		};
		62F0AD7E2604E00D0011115A /* TelaHome */ = {
			isa = PBXGroup;
			children = (
				62F0AD7F2604E01E0011115A /* TelaHomeViewModel.swift */,
			);
			path = TelaHome;
			sourceTree = "<group>";
		};
		62FAEE4E25E939590094C58A /* TelaCadastro */ = {
			isa = PBXGroup;
			children = (
				62FAEE4F25E9396B0094C58A /* TelaCadastroViewModel.swift */,
			);
			path = TelaCadastro;
			sourceTree = "<group>";
		};
		62FAEE9F25E954D60094C58A /* Firebase */ = {
			isa = PBXGroup;
			children = (
				62FAEEA025E954E60094C58A /* LoginHelper.swift */,
				62FAEEA825E954F20094C58A /* SignHelper.swift */,
			);
			path = Firebase;
			sourceTree = "<group>";
		};
		62FAEEAD25E9551F0094C58A /* Model */ = {
			isa = PBXGroup;
			children = (
				6294CD7E25ED520700F2555A /* TelaHome */,
				62FAEEB625E958750094C58A /* TelaCadastro */,
			);
			path = Model;
			sourceTree = "<group>";
		};
		62FAEEB625E958750094C58A /* TelaCadastro */ = {
			isa = PBXGroup;
			children = (
				62FAEEAE25E955470094C58A /* FireBaseLoginSignModel.swift */,
			);
			path = TelaCadastro;
			sourceTree = "<group>";
		};
		62FAEEB725E958880094C58A /* TelaLogin */ = {
			isa = PBXGroup;
			children = (
				62FAEEB825E958BE0094C58A /* TelaLoginViewModel.swift */,
			);
			path = TelaLogin;
			sourceTree = "<group>";
		};
		6A3D106188863AFB53844CBB /* Frameworks */ = {
			isa = PBXGroup;
			children = (
				CACCC4735F274190AE27D064 /* Pods_Connect_Prevision.framework */,
				B4A1C15CBE336AD1301AF048 /* Pods_Connect_Prevision_Connect_PrevisionUITests.framework */,
				BA077DD49A23685A5B1C8450 /* Pods_Connect_PrevisionTests.framework */,
			);
			name = Frameworks;
			sourceTree = "<group>";
		};
		840F35AF77589DA244461CF8 /* Pods */ = {
			isa = PBXGroup;
			children = (
				4B21B64813BB75966730832D /* Pods-Connect Prevision.debug.xcconfig */,
				846A4108D7DD5D099104FFF4 /* Pods-Connect Prevision.release.xcconfig */,
				28CA7E09784A8F5EC53B7490 /* Pods-Connect Prevision-Connect PrevisionUITests.debug.xcconfig */,
				DA16BBD2F4824A3D45F20985 /* Pods-Connect Prevision-Connect PrevisionUITests.release.xcconfig */,
				1529374601852233D9048D7B /* Pods-Connect PrevisionTests.debug.xcconfig */,
				7BA2B3C5F83AA8723CAA8EFF /* Pods-Connect PrevisionTests.release.xcconfig */,
			);
			path = Pods;
			sourceTree = "<group>";
		};
/* End PBXGroup section */

/* Begin PBXNativeTarget section */
		6293C1AB25E7E69900718F31 /* Connect Prevision */ = {
			isa = PBXNativeTarget;
			buildConfigurationList = 6293C1D625E7E69900718F31 /* Build configuration list for PBXNativeTarget "Connect Prevision" */;
			buildPhases = (
				6FDCD04E10354970EB1C29F7 /* [CP] Check Pods Manifest.lock */,
				6293C1A825E7E69900718F31 /* Sources */,
				6293C1A925E7E69900718F31 /* Frameworks */,
				6293C1AA25E7E69900718F31 /* Resources */,
				04A01EEF0FE5336B1EC4A040 /* [CP] Embed Pods Frameworks */,
				063B2C10F28CE892AE879224 /* [CP] Copy Pods Resources */,
			);
			buildRules = (
			);
			dependencies = (
			);
			name = "Connect Prevision";
			productName = "Connect Prevision";
			productReference = 6293C1AC25E7E69900718F31 /* Connect Prevision.app */;
			productType = "com.apple.product-type.application";
		};
		6293C1C125E7E69900718F31 /* Connect PrevisionTests */ = {
			isa = PBXNativeTarget;
			buildConfigurationList = 6293C1D925E7E69900718F31 /* Build configuration list for PBXNativeTarget "Connect PrevisionTests" */;
			buildPhases = (
				A452FB4BCF659139E1D3B4E3 /* [CP] Check Pods Manifest.lock */,
				6293C1BE25E7E69900718F31 /* Sources */,
				6293C1BF25E7E69900718F31 /* Frameworks */,
				6293C1C025E7E69900718F31 /* Resources */,
			);
			buildRules = (
			);
			dependencies = (
				6293C1C425E7E69900718F31 /* PBXTargetDependency */,
			);
			name = "Connect PrevisionTests";
			productName = "Connect PrevisionTests";
			productReference = 6293C1C225E7E69900718F31 /* Connect PrevisionTests.xctest */;
			productType = "com.apple.product-type.bundle.unit-test";
		};
		6293C1CC25E7E69900718F31 /* Connect PrevisionUITests */ = {
			isa = PBXNativeTarget;
			buildConfigurationList = 6293C1DC25E7E69900718F31 /* Build configuration list for PBXNativeTarget "Connect PrevisionUITests" */;
			buildPhases = (
				99A2EA2C383566F588BA4DEC /* [CP] Check Pods Manifest.lock */,
				6293C1C925E7E69900718F31 /* Sources */,
				6293C1CA25E7E69900718F31 /* Frameworks */,
				6293C1CB25E7E69900718F31 /* Resources */,
				F67492567A7F71A840A30C6D /* [CP] Embed Pods Frameworks */,
				6201D6C8E19E76DA25707BC3 /* [CP] Copy Pods Resources */,
			);
			buildRules = (
			);
			dependencies = (
				6293C1CF25E7E69900718F31 /* PBXTargetDependency */,
			);
			name = "Connect PrevisionUITests";
			productName = "Connect PrevisionUITests";
			productReference = 6293C1CD25E7E69900718F31 /* Connect PrevisionUITests.xctest */;
			productType = "com.apple.product-type.bundle.ui-testing";
		};
/* End PBXNativeTarget section */

/* Begin PBXProject section */
		6293C1A425E7E69900718F31 /* Project object */ = {
			isa = PBXProject;
			attributes = {
				LastSwiftUpdateCheck = 1240;
				LastUpgradeCheck = 1240;
				TargetAttributes = {
					6293C1AB25E7E69900718F31 = {
						CreatedOnToolsVersion = 12.4;
					};
					6293C1C125E7E69900718F31 = {
						CreatedOnToolsVersion = 12.4;
						TestTargetID = 6293C1AB25E7E69900718F31;
					};
					6293C1CC25E7E69900718F31 = {
						CreatedOnToolsVersion = 12.4;
						TestTargetID = 6293C1AB25E7E69900718F31;
					};
				};
			};
			buildConfigurationList = 6293C1A725E7E69900718F31 /* Build configuration list for PBXProject "Connect Prevision" */;
			compatibilityVersion = "Xcode 9.3";
			developmentRegion = en;
			hasScannedForEncodings = 0;
			knownRegions = (
				en,
				Base,
			);
			mainGroup = 6293C1A325E7E69900718F31;
			productRefGroup = 6293C1AD25E7E69900718F31 /* Products */;
			projectDirPath = "";
			projectRoot = "";
			targets = (
				6293C1AB25E7E69900718F31 /* Connect Prevision */,
				6293C1C125E7E69900718F31 /* Connect PrevisionTests */,
				6293C1CC25E7E69900718F31 /* Connect PrevisionUITests */,
			);
		};
/* End PBXProject section */

/* Begin PBXResourcesBuildPhase section */
		6293C1AA25E7E69900718F31 /* Resources */ = {
			isa = PBXResourcesBuildPhase;
			buildActionMask = 2147483647;
			files = (
				6293C1BC25E7E69900718F31 /* LaunchScreen.storyboard in Resources */,
				6293C1B925E7E69900718F31 /* Assets.xcassets in Resources */,
				626DD7D1260A09EF001A7931 /* GoogleService-Info.plist in Resources */,
			);
			runOnlyForDeploymentPostprocessing = 0;
		};
		6293C1C025E7E69900718F31 /* Resources */ = {
			isa = PBXResourcesBuildPhase;
			buildActionMask = 2147483647;
			files = (
			);
			runOnlyForDeploymentPostprocessing = 0;
		};
		6293C1CB25E7E69900718F31 /* Resources */ = {
			isa = PBXResourcesBuildPhase;
			buildActionMask = 2147483647;
			files = (
			);
			runOnlyForDeploymentPostprocessing = 0;
		};
/* End PBXResourcesBuildPhase section */

/* Begin PBXShellScriptBuildPhase section */
		04A01EEF0FE5336B1EC4A040 /* [CP] Embed Pods Frameworks */ = {
			isa = PBXShellScriptBuildPhase;
			buildActionMask = 2147483647;
			files = (
			);
			inputFileListPaths = (
				"${PODS_ROOT}/Target Support Files/Pods-Connect Prevision/Pods-Connect Prevision-frameworks-${CONFIGURATION}-input-files.xcfilelist",
			);
			name = "[CP] Embed Pods Frameworks";
			outputFileListPaths = (
				"${PODS_ROOT}/Target Support Files/Pods-Connect Prevision/Pods-Connect Prevision-frameworks-${CONFIGURATION}-output-files.xcfilelist",
			);
			runOnlyForDeploymentPostprocessing = 0;
			shellPath = /bin/sh;
			shellScript = "\"${PODS_ROOT}/Target Support Files/Pods-Connect Prevision/Pods-Connect Prevision-frameworks.sh\"\n";
			showEnvVarsInLog = 0;
		};
		063B2C10F28CE892AE879224 /* [CP] Copy Pods Resources */ = {
			isa = PBXShellScriptBuildPhase;
			buildActionMask = 2147483647;
			files = (
			);
			inputFileListPaths = (
				"${PODS_ROOT}/Target Support Files/Pods-Connect Prevision/Pods-Connect Prevision-resources-${CONFIGURATION}-input-files.xcfilelist",
			);
			name = "[CP] Copy Pods Resources";
			outputFileListPaths = (
				"${PODS_ROOT}/Target Support Files/Pods-Connect Prevision/Pods-Connect Prevision-resources-${CONFIGURATION}-output-files.xcfilelist",
			);
			runOnlyForDeploymentPostprocessing = 0;
			shellPath = /bin/sh;
			shellScript = "\"${PODS_ROOT}/Target Support Files/Pods-Connect Prevision/Pods-Connect Prevision-resources.sh\"\n";
			showEnvVarsInLog = 0;
		};
		6201D6C8E19E76DA25707BC3 /* [CP] Copy Pods Resources */ = {
			isa = PBXShellScriptBuildPhase;
			buildActionMask = 2147483647;
			files = (
			);
			inputFileListPaths = (
				"${PODS_ROOT}/Target Support Files/Pods-Connect Prevision-Connect PrevisionUITests/Pods-Connect Prevision-Connect PrevisionUITests-resources-${CONFIGURATION}-input-files.xcfilelist",
			);
			name = "[CP] Copy Pods Resources";
			outputFileListPaths = (
				"${PODS_ROOT}/Target Support Files/Pods-Connect Prevision-Connect PrevisionUITests/Pods-Connect Prevision-Connect PrevisionUITests-resources-${CONFIGURATION}-output-files.xcfilelist",
			);
			runOnlyForDeploymentPostprocessing = 0;
			shellPath = /bin/sh;
			shellScript = "\"${PODS_ROOT}/Target Support Files/Pods-Connect Prevision-Connect PrevisionUITests/Pods-Connect Prevision-Connect PrevisionUITests-resources.sh\"\n";
			showEnvVarsInLog = 0;
		};
		6FDCD04E10354970EB1C29F7 /* [CP] Check Pods Manifest.lock */ = {
			isa = PBXShellScriptBuildPhase;
			buildActionMask = 2147483647;
			files = (
			);
			inputFileListPaths = (
			);
			inputPaths = (
				"${PODS_PODFILE_DIR_PATH}/Podfile.lock",
				"${PODS_ROOT}/Manifest.lock",
			);
			name = "[CP] Check Pods Manifest.lock";
			outputFileListPaths = (
			);
			outputPaths = (
				"$(DERIVED_FILE_DIR)/Pods-Connect Prevision-checkManifestLockResult.txt",
			);
			runOnlyForDeploymentPostprocessing = 0;
			shellPath = /bin/sh;
			shellScript = "diff \"${PODS_PODFILE_DIR_PATH}/Podfile.lock\" \"${PODS_ROOT}/Manifest.lock\" > /dev/null\nif [ $? != 0 ] ; then\n    # print error to STDERR\n    echo \"error: The sandbox is not in sync with the Podfile.lock. Run 'pod install' or update your CocoaPods installation.\" >&2\n    exit 1\nfi\n# This output is used by Xcode 'outputs' to avoid re-running this script phase.\necho \"SUCCESS\" > \"${SCRIPT_OUTPUT_FILE_0}\"\n";
			showEnvVarsInLog = 0;
		};
		99A2EA2C383566F588BA4DEC /* [CP] Check Pods Manifest.lock */ = {
			isa = PBXShellScriptBuildPhase;
			buildActionMask = 2147483647;
			files = (
			);
			inputFileListPaths = (
			);
			inputPaths = (
				"${PODS_PODFILE_DIR_PATH}/Podfile.lock",
				"${PODS_ROOT}/Manifest.lock",
			);
			name = "[CP] Check Pods Manifest.lock";
			outputFileListPaths = (
			);
			outputPaths = (
				"$(DERIVED_FILE_DIR)/Pods-Connect Prevision-Connect PrevisionUITests-checkManifestLockResult.txt",
			);
			runOnlyForDeploymentPostprocessing = 0;
			shellPath = /bin/sh;
			shellScript = "diff \"${PODS_PODFILE_DIR_PATH}/Podfile.lock\" \"${PODS_ROOT}/Manifest.lock\" > /dev/null\nif [ $? != 0 ] ; then\n    # print error to STDERR\n    echo \"error: The sandbox is not in sync with the Podfile.lock. Run 'pod install' or update your CocoaPods installation.\" >&2\n    exit 1\nfi\n# This output is used by Xcode 'outputs' to avoid re-running this script phase.\necho \"SUCCESS\" > \"${SCRIPT_OUTPUT_FILE_0}\"\n";
			showEnvVarsInLog = 0;
		};
		A452FB4BCF659139E1D3B4E3 /* [CP] Check Pods Manifest.lock */ = {
			isa = PBXShellScriptBuildPhase;
			buildActionMask = 2147483647;
			files = (
			);
			inputFileListPaths = (
			);
			inputPaths = (
				"${PODS_PODFILE_DIR_PATH}/Podfile.lock",
				"${PODS_ROOT}/Manifest.lock",
			);
			name = "[CP] Check Pods Manifest.lock";
			outputFileListPaths = (
			);
			outputPaths = (
				"$(DERIVED_FILE_DIR)/Pods-Connect PrevisionTests-checkManifestLockResult.txt",
			);
			runOnlyForDeploymentPostprocessing = 0;
			shellPath = /bin/sh;
			shellScript = "diff \"${PODS_PODFILE_DIR_PATH}/Podfile.lock\" \"${PODS_ROOT}/Manifest.lock\" > /dev/null\nif [ $? != 0 ] ; then\n    # print error to STDERR\n    echo \"error: The sandbox is not in sync with the Podfile.lock. Run 'pod install' or update your CocoaPods installation.\" >&2\n    exit 1\nfi\n# This output is used by Xcode 'outputs' to avoid re-running this script phase.\necho \"SUCCESS\" > \"${SCRIPT_OUTPUT_FILE_0}\"\n";
			showEnvVarsInLog = 0;
		};
		F67492567A7F71A840A30C6D /* [CP] Embed Pods Frameworks */ = {
			isa = PBXShellScriptBuildPhase;
			buildActionMask = 2147483647;
			files = (
			);
			inputFileListPaths = (
				"${PODS_ROOT}/Target Support Files/Pods-Connect Prevision-Connect PrevisionUITests/Pods-Connect Prevision-Connect PrevisionUITests-frameworks-${CONFIGURATION}-input-files.xcfilelist",
			);
			name = "[CP] Embed Pods Frameworks";
			outputFileListPaths = (
				"${PODS_ROOT}/Target Support Files/Pods-Connect Prevision-Connect PrevisionUITests/Pods-Connect Prevision-Connect PrevisionUITests-frameworks-${CONFIGURATION}-output-files.xcfilelist",
			);
			runOnlyForDeploymentPostprocessing = 0;
			shellPath = /bin/sh;
			shellScript = "\"${PODS_ROOT}/Target Support Files/Pods-Connect Prevision-Connect PrevisionUITests/Pods-Connect Prevision-Connect PrevisionUITests-frameworks.sh\"\n";
			showEnvVarsInLog = 0;
		};
/* End PBXShellScriptBuildPhase section */

/* Begin PBXSourcesBuildPhase section */
		6293C1A825E7E69900718F31 /* Sources */ = {
			isa = PBXSourcesBuildPhase;
			buildActionMask = 2147483647;
			files = (
				62F0AD802604E01E0011115A /* TelaHomeViewModel.swift in Sources */,
				626BC63A2608CFC4000AC793 /* CadastroCoordinator.swift in Sources */,
				625EA77D25E9042B0030DC26 /* UIView.swift in Sources */,
				62FAEE5025E9396B0094C58A /* TelaCadastroViewModel.swift in Sources */,
				625EA78325E90E690030DC26 /* TelaCadastroViewController.swift in Sources */,
				6293C1B425E7E69900718F31 /* TelaLoginViewController.swift in Sources */,
				6293C1B025E7E69900718F31 /* AppDelegate.swift in Sources */,
				6294CD8B25ED56A700F2555A /* TelaHomeViewController.swift in Sources */,
				6293C1FB25E7E8BD00718F31 /* TelaLoginView.swift in Sources */,
				62BC6E842608E4CE00A04F73 /* LoginCoordinator.swift in Sources */,
				62F0AD7A2604CC0C0011115A /* MainCoordinator.swift in Sources */,
				62FAEEBE25E95EBF0094C58A /* String+Extension.swift in Sources */,
				6294CD8025ED521500F2555A /* TempoModel.swift in Sources */,
				62FAEEB925E958BE0094C58A /* TelaLoginViewModel.swift in Sources */,
				62F0AD752604CC030011115A /* Coordinator.swift in Sources */,
				6294CD8625ED569C00F2555A /* TelaHomeView.swift in Sources */,
				62FAEEA925E954F20094C58A /* SignHelper.swift in Sources */,
				625EA79125E9133D0030DC26 /* TextFieldFormulario.swift in Sources */,
				625EA78B25E90E720030DC26 /* TelaCadastroView.swift in Sources */,
				62FAEEAF25E955470094C58A /* FireBaseLoginSignModel.swift in Sources */,
				62FAEEA125E954E60094C58A /* LoginHelper.swift in Sources */,
				62BC6E8D2608FBAD00A04F73 /* HomeCoordinator.swift in Sources */,
			);
			runOnlyForDeploymentPostprocessing = 0;
		};
		6293C1BE25E7E69900718F31 /* Sources */ = {
			isa = PBXSourcesBuildPhase;
			buildActionMask = 2147483647;
			files = (
				6293C1C725E7E69900718F31 /* Connect_PrevisionTests.swift in Sources */,
			);
			runOnlyForDeploymentPostprocessing = 0;
		};
		6293C1C925E7E69900718F31 /* Sources */ = {
			isa = PBXSourcesBuildPhase;
			buildActionMask = 2147483647;
			files = (
				6293C1D225E7E69900718F31 /* Connect_PrevisionUITests.swift in Sources */,
			);
			runOnlyForDeploymentPostprocessing = 0;
		};
/* End PBXSourcesBuildPhase section */

/* Begin PBXTargetDependency section */
		6293C1C425E7E69900718F31 /* PBXTargetDependency */ = {
			isa = PBXTargetDependency;
			target = 6293C1AB25E7E69900718F31 /* Connect Prevision */;
			targetProxy = 6293C1C325E7E69900718F31 /* PBXContainerItemProxy */;
		};
		6293C1CF25E7E69900718F31 /* PBXTargetDependency */ = {
			isa = PBXTargetDependency;
			target = 6293C1AB25E7E69900718F31 /* Connect Prevision */;
			targetProxy = 6293C1CE25E7E69900718F31 /* PBXContainerItemProxy */;
		};
/* End PBXTargetDependency section */

/* Begin PBXVariantGroup section */
		6293C1BA25E7E69900718F31 /* LaunchScreen.storyboard */ = {
			isa = PBXVariantGroup;
			children = (
				6293C1BB25E7E69900718F31 /* Base */,
			);
			name = LaunchScreen.storyboard;
			sourceTree = "<group>";
		};
/* End PBXVariantGroup section */

/* Begin XCBuildConfiguration section */
		6293C1D425E7E69900718F31 /* Debug */ = {
			isa = XCBuildConfiguration;
			buildSettings = {
				ALWAYS_SEARCH_USER_PATHS = NO;
				CLANG_ANALYZER_NONNULL = YES;
				CLANG_ANALYZER_NUMBER_OBJECT_CONVERSION = YES_AGGRESSIVE;
				CLANG_CXX_LANGUAGE_STANDARD = "gnu++14";
				CLANG_CXX_LIBRARY = "libc++";
				CLANG_ENABLE_MODULES = YES;
				CLANG_ENABLE_OBJC_ARC = YES;
				CLANG_ENABLE_OBJC_WEAK = YES;
				CLANG_WARN_BLOCK_CAPTURE_AUTORELEASING = YES;
				CLANG_WARN_BOOL_CONVERSION = YES;
				CLANG_WARN_COMMA = YES;
				CLANG_WARN_CONSTANT_CONVERSION = YES;
				CLANG_WARN_DEPRECATED_OBJC_IMPLEMENTATIONS = YES;
				CLANG_WARN_DIRECT_OBJC_ISA_USAGE = YES_ERROR;
				CLANG_WARN_DOCUMENTATION_COMMENTS = YES;
				CLANG_WARN_EMPTY_BODY = YES;
				CLANG_WARN_ENUM_CONVERSION = YES;
				CLANG_WARN_INFINITE_RECURSION = YES;
				CLANG_WARN_INT_CONVERSION = YES;
				CLANG_WARN_NON_LITERAL_NULL_CONVERSION = YES;
				CLANG_WARN_OBJC_IMPLICIT_RETAIN_SELF = YES;
				CLANG_WARN_OBJC_LITERAL_CONVERSION = YES;
				CLANG_WARN_OBJC_ROOT_CLASS = YES_ERROR;
				CLANG_WARN_QUOTED_INCLUDE_IN_FRAMEWORK_HEADER = YES;
				CLANG_WARN_RANGE_LOOP_ANALYSIS = YES;
				CLANG_WARN_STRICT_PROTOTYPES = YES;
				CLANG_WARN_SUSPICIOUS_MOVE = YES;
				CLANG_WARN_UNGUARDED_AVAILABILITY = YES_AGGRESSIVE;
				CLANG_WARN_UNREACHABLE_CODE = YES;
				CLANG_WARN__DUPLICATE_METHOD_MATCH = YES;
				COPY_PHASE_STRIP = NO;
				DEBUG_INFORMATION_FORMAT = dwarf;
				ENABLE_STRICT_OBJC_MSGSEND = YES;
				ENABLE_TESTABILITY = YES;
				"EXCLUDED_ARCHS[sdk=*]" = arm64;
				GCC_C_LANGUAGE_STANDARD = gnu11;
				GCC_DYNAMIC_NO_PIC = NO;
				GCC_NO_COMMON_BLOCKS = YES;
				GCC_OPTIMIZATION_LEVEL = 0;
				GCC_PREPROCESSOR_DEFINITIONS = (
					"DEBUG=1",
					"$(inherited)",
				);
				GCC_WARN_64_TO_32_BIT_CONVERSION = YES;
				GCC_WARN_ABOUT_RETURN_TYPE = YES_ERROR;
				GCC_WARN_UNDECLARED_SELECTOR = YES;
				GCC_WARN_UNINITIALIZED_AUTOS = YES_AGGRESSIVE;
				GCC_WARN_UNUSED_FUNCTION = YES;
				GCC_WARN_UNUSED_VARIABLE = YES;
				IPHONEOS_DEPLOYMENT_TARGET = 12.1;
				MTL_ENABLE_DEBUG_INFO = INCLUDE_SOURCE;
				MTL_FAST_MATH = YES;
				ONLY_ACTIVE_ARCH = YES;
				SDKROOT = iphoneos;
				SWIFT_ACTIVE_COMPILATION_CONDITIONS = DEBUG;
				SWIFT_OPTIMIZATION_LEVEL = "-Onone";
			};
			name = Debug;
		};
		6293C1D525E7E69900718F31 /* Release */ = {
			isa = XCBuildConfiguration;
			buildSettings = {
				ALWAYS_SEARCH_USER_PATHS = NO;
				CLANG_ANALYZER_NONNULL = YES;
				CLANG_ANALYZER_NUMBER_OBJECT_CONVERSION = YES_AGGRESSIVE;
				CLANG_CXX_LANGUAGE_STANDARD = "gnu++14";
				CLANG_CXX_LIBRARY = "libc++";
				CLANG_ENABLE_MODULES = YES;
				CLANG_ENABLE_OBJC_ARC = YES;
				CLANG_ENABLE_OBJC_WEAK = YES;
				CLANG_WARN_BLOCK_CAPTURE_AUTORELEASING = YES;
				CLANG_WARN_BOOL_CONVERSION = YES;
				CLANG_WARN_COMMA = YES;
				CLANG_WARN_CONSTANT_CONVERSION = YES;
				CLANG_WARN_DEPRECATED_OBJC_IMPLEMENTATIONS = YES;
				CLANG_WARN_DIRECT_OBJC_ISA_USAGE = YES_ERROR;
				CLANG_WARN_DOCUMENTATION_COMMENTS = YES;
				CLANG_WARN_EMPTY_BODY = YES;
				CLANG_WARN_ENUM_CONVERSION = YES;
				CLANG_WARN_INFINITE_RECURSION = YES;
				CLANG_WARN_INT_CONVERSION = YES;
				CLANG_WARN_NON_LITERAL_NULL_CONVERSION = YES;
				CLANG_WARN_OBJC_IMPLICIT_RETAIN_SELF = YES;
				CLANG_WARN_OBJC_LITERAL_CONVERSION = YES;
				CLANG_WARN_OBJC_ROOT_CLASS = YES_ERROR;
				CLANG_WARN_QUOTED_INCLUDE_IN_FRAMEWORK_HEADER = YES;
				CLANG_WARN_RANGE_LOOP_ANALYSIS = YES;
				CLANG_WARN_STRICT_PROTOTYPES = YES;
				CLANG_WARN_SUSPICIOUS_MOVE = YES;
				CLANG_WARN_UNGUARDED_AVAILABILITY = YES_AGGRESSIVE;
				CLANG_WARN_UNREACHABLE_CODE = YES;
				CLANG_WARN__DUPLICATE_METHOD_MATCH = YES;
				COPY_PHASE_STRIP = NO;
				DEBUG_INFORMATION_FORMAT = "dwarf-with-dsym";
				ENABLE_NS_ASSERTIONS = NO;
				ENABLE_STRICT_OBJC_MSGSEND = YES;
				EXCLUDED_ARCHS = "";
				"EXCLUDED_ARCHS[sdk=*]" = arm64;
				GCC_C_LANGUAGE_STANDARD = gnu11;
				GCC_NO_COMMON_BLOCKS = YES;
				GCC_WARN_64_TO_32_BIT_CONVERSION = YES;
				GCC_WARN_ABOUT_RETURN_TYPE = YES_ERROR;
				GCC_WARN_UNDECLARED_SELECTOR = YES;
				GCC_WARN_UNINITIALIZED_AUTOS = YES_AGGRESSIVE;
				GCC_WARN_UNUSED_FUNCTION = YES;
				GCC_WARN_UNUSED_VARIABLE = YES;
				IPHONEOS_DEPLOYMENT_TARGET = 12.1;
				MTL_ENABLE_DEBUG_INFO = NO;
				MTL_FAST_MATH = YES;
				SDKROOT = iphoneos;
				SWIFT_COMPILATION_MODE = wholemodule;
				SWIFT_OPTIMIZATION_LEVEL = "-O";
				VALIDATE_PRODUCT = YES;
			};
			name = Release;
		};
		6293C1D725E7E69900718F31 /* Debug */ = {
			isa = XCBuildConfiguration;
			baseConfigurationReference = 4B21B64813BB75966730832D /* Pods-Connect Prevision.debug.xcconfig */;
			buildSettings = {
				ASSETCATALOG_COMPILER_APPICON_NAME = AppIcon;
				ASSETCATALOG_COMPILER_GLOBAL_ACCENT_COLOR_NAME = AccentColor;
				CODE_SIGN_IDENTITY = "Apple Development";
				CODE_SIGN_STYLE = Automatic;
				DEVELOPMENT_TEAM = 44V9FMY9WF;
				INFOPLIST_FILE = "Connect Prevision/Info.plist";
				LD_RUNPATH_SEARCH_PATHS = (
					"$(inherited)",
					"@executable_path/Frameworks",
				);
				PRODUCT_BUNDLE_IDENTIFIER = "br.com.Connect-Prevision";
				PRODUCT_NAME = "$(TARGET_NAME)";
				PROVISIONING_PROFILE_SPECIFIER = "";
				SWIFT_VERSION = 5.0;
				TARGETED_DEVICE_FAMILY = "1,2";
			};
			name = Debug;
		};
		6293C1D825E7E69900718F31 /* Release */ = {
			isa = XCBuildConfiguration;
			baseConfigurationReference = 846A4108D7DD5D099104FFF4 /* Pods-Connect Prevision.release.xcconfig */;
			buildSettings = {
				ASSETCATALOG_COMPILER_APPICON_NAME = AppIcon;
				ASSETCATALOG_COMPILER_GLOBAL_ACCENT_COLOR_NAME = AccentColor;
				CODE_SIGN_IDENTITY = "Apple Development";
				CODE_SIGN_STYLE = Automatic;
				DEVELOPMENT_TEAM = 44V9FMY9WF;
				INFOPLIST_FILE = "Connect Prevision/Info.plist";
				LD_RUNPATH_SEARCH_PATHS = (
					"$(inherited)",
					"@executable_path/Frameworks",
				);
				PRODUCT_BUNDLE_IDENTIFIER = "br.com.Connect-Prevision";
				PRODUCT_NAME = "$(TARGET_NAME)";
				PROVISIONING_PROFILE_SPECIFIER = "";
				SWIFT_VERSION = 5.0;
				TARGETED_DEVICE_FAMILY = "1,2";
			};
			name = Release;
		};
		6293C1DA25E7E69900718F31 /* Debug */ = {
			isa = XCBuildConfiguration;
			baseConfigurationReference = 1529374601852233D9048D7B /* Pods-Connect PrevisionTests.debug.xcconfig */;
			buildSettings = {
				ALWAYS_EMBED_SWIFT_STANDARD_LIBRARIES = YES;
				BUNDLE_LOADER = "$(TEST_HOST)";
				CODE_SIGN_STYLE = Automatic;
				DEVELOPMENT_TEAM = D2A2N7H2HX;
				INFOPLIST_FILE = "Connect PrevisionTests/Info.plist";
				IPHONEOS_DEPLOYMENT_TARGET = 14.4;
				LD_RUNPATH_SEARCH_PATHS = (
					"$(inherited)",
					"@executable_path/Frameworks",
					"@loader_path/Frameworks",
				);
				PRODUCT_BUNDLE_IDENTIFIER = "br.com.Connect-PrevisionTests";
				PRODUCT_NAME = "$(TARGET_NAME)";
				SWIFT_VERSION = 5.0;
				TARGETED_DEVICE_FAMILY = "1,2";
				TEST_HOST = "$(BUILT_PRODUCTS_DIR)/Connect Prevision.app/Connect Prevision";
			};
			name = Debug;
		};
		6293C1DB25E7E69900718F31 /* Release */ = {
			isa = XCBuildConfiguration;
			baseConfigurationReference = 7BA2B3C5F83AA8723CAA8EFF /* Pods-Connect PrevisionTests.release.xcconfig */;
			buildSettings = {
				ALWAYS_EMBED_SWIFT_STANDARD_LIBRARIES = YES;
				BUNDLE_LOADER = "$(TEST_HOST)";
				CODE_SIGN_STYLE = Automatic;
				DEVELOPMENT_TEAM = D2A2N7H2HX;
				INFOPLIST_FILE = "Connect PrevisionTests/Info.plist";
				IPHONEOS_DEPLOYMENT_TARGET = 14.4;
				LD_RUNPATH_SEARCH_PATHS = (
					"$(inherited)",
					"@executable_path/Frameworks",
					"@loader_path/Frameworks",
				);
				PRODUCT_BUNDLE_IDENTIFIER = "br.com.Connect-PrevisionTests";
				PRODUCT_NAME = "$(TARGET_NAME)";
				SWIFT_VERSION = 5.0;
				TARGETED_DEVICE_FAMILY = "1,2";
				TEST_HOST = "$(BUILT_PRODUCTS_DIR)/Connect Prevision.app/Connect Prevision";
			};
			name = Release;
		};
		6293C1DD25E7E69900718F31 /* Debug */ = {
			isa = XCBuildConfiguration;
			baseConfigurationReference = 28CA7E09784A8F5EC53B7490 /* Pods-Connect Prevision-Connect PrevisionUITests.debug.xcconfig */;
			buildSettings = {
				ALWAYS_EMBED_SWIFT_STANDARD_LIBRARIES = YES;
				CODE_SIGN_STYLE = Automatic;
				DEVELOPMENT_TEAM = D2A2N7H2HX;
				INFOPLIST_FILE = "Connect PrevisionUITests/Info.plist";
				LD_RUNPATH_SEARCH_PATHS = (
					"$(inherited)",
					"@executable_path/Frameworks",
					"@loader_path/Frameworks",
				);
				PRODUCT_BUNDLE_IDENTIFIER = "br.com.Connect-PrevisionUITests";
				PRODUCT_NAME = "$(TARGET_NAME)";
				SWIFT_VERSION = 5.0;
				TARGETED_DEVICE_FAMILY = "1,2";
				TEST_TARGET_NAME = "Connect Prevision";
			};
			name = Debug;
		};
		6293C1DE25E7E69900718F31 /* Release */ = {
			isa = XCBuildConfiguration;
			baseConfigurationReference = DA16BBD2F4824A3D45F20985 /* Pods-Connect Prevision-Connect PrevisionUITests.release.xcconfig */;
			buildSettings = {
				ALWAYS_EMBED_SWIFT_STANDARD_LIBRARIES = YES;
				CODE_SIGN_STYLE = Automatic;
				DEVELOPMENT_TEAM = D2A2N7H2HX;
				INFOPLIST_FILE = "Connect PrevisionUITests/Info.plist";
				LD_RUNPATH_SEARCH_PATHS = (
					"$(inherited)",
					"@executable_path/Frameworks",
					"@loader_path/Frameworks",
				);
				PRODUCT_BUNDLE_IDENTIFIER = "br.com.Connect-PrevisionUITests";
				PRODUCT_NAME = "$(TARGET_NAME)";
				SWIFT_VERSION = 5.0;
				TARGETED_DEVICE_FAMILY = "1,2";
				TEST_TARGET_NAME = "Connect Prevision";
			};
			name = Release;
		};
/* End XCBuildConfiguration section */

/* Begin XCConfigurationList section */
		6293C1A725E7E69900718F31 /* Build configuration list for PBXProject "Connect Prevision" */ = {
			isa = XCConfigurationList;
			buildConfigurations = (
				6293C1D425E7E69900718F31 /* Debug */,
				6293C1D525E7E69900718F31 /* Release */,
			);
			defaultConfigurationIsVisible = 0;
			defaultConfigurationName = Release;
		};
		6293C1D625E7E69900718F31 /* Build configuration list for PBXNativeTarget "Connect Prevision" */ = {
			isa = XCConfigurationList;
			buildConfigurations = (
				6293C1D725E7E69900718F31 /* Debug */,
				6293C1D825E7E69900718F31 /* Release */,
			);
			defaultConfigurationIsVisible = 0;
			defaultConfigurationName = Release;
		};
		6293C1D925E7E69900718F31 /* Build configuration list for PBXNativeTarget "Connect PrevisionTests" */ = {
			isa = XCConfigurationList;
			buildConfigurations = (
				6293C1DA25E7E69900718F31 /* Debug */,
				6293C1DB25E7E69900718F31 /* Release */,
			);
			defaultConfigurationIsVisible = 0;
			defaultConfigurationName = Release;
		};
		6293C1DC25E7E69900718F31 /* Build configuration list for PBXNativeTarget "Connect PrevisionUITests" */ = {
			isa = XCConfigurationList;
			buildConfigurations = (
				6293C1DD25E7E69900718F31 /* Debug */,
				6293C1DE25E7E69900718F31 /* Release */,
			);
			defaultConfigurationIsVisible = 0;
			defaultConfigurationName = Release;
		};
/* End XCConfigurationList section */
	};
	rootObject = 6293C1A425E7E69900718F31 /* Project object */;
}
