// !$*UTF8*$!
{
	archiveVersion = 1;
	classes = {
	};
	objectVersion = 51;
	objects = {

/* Begin PBXBuildFile section */
		10FA55E6C2DE475D528A35C8 /* Pods_Connect_Prevision_Connect_PrevisionUITests.framework in Frameworks */ = {isa = PBXBuildFile; fileRef = F4EC4B19B5F659FDB76044B3 /* Pods_Connect_Prevision_Connect_PrevisionUITests.framework */; };
		25136AD6C7DA060BA9A5E030 /* Pods_Connect_Prevision.framework in Frameworks */ = {isa = PBXBuildFile; fileRef = 1F658E608769F40E3B4C6A7D /* Pods_Connect_Prevision.framework */; };
		62129D17261F61A700E4C4D3 /* TranslateHelper.swift in Sources */ = {isa = PBXBuildFile; fileRef = 62129D16261F61A700E4C4D3 /* TranslateHelper.swift */; };
		62251FAE260CC00D00B3A2CC /* DateExtension.swift in Sources */ = {isa = PBXBuildFile; fileRef = 62251FAD260CC00D00B3A2CC /* DateExtension.swift */; };
		62251FB3260CCFA300B3A2CC /* APIConstants.swift in Sources */ = {isa = PBXBuildFile; fileRef = 62251FB2260CCFA300B3A2CC /* APIConstants.swift */; };
		62251FC1260CD18E00B3A2CC /* APIConfiration.swift in Sources */ = {isa = PBXBuildFile; fileRef = 62251FC0260CD18E00B3A2CC /* APIConfiration.swift */; };
		62251FC9260CD6B900B3A2CC /* APIClient.swift in Sources */ = {isa = PBXBuildFile; fileRef = 62251FC8260CD6B900B3A2CC /* APIClient.swift */; };
		622FE50F26248F02009B6740 /* Localizable.strings in Resources */ = {isa = PBXBuildFile; fileRef = 622FE51126248F02009B6740 /* Localizable.strings */; };
		623676D52626FEB00006FF29 /* icones.xcassets in Resources */ = {isa = PBXBuildFile; fileRef = 623676D42626FEB00006FF29 /* icones.xcassets */; };
		6247B30C260E4E1F00B8961A /* TempoModelForeCast.swift in Sources */ = {isa = PBXBuildFile; fileRef = 6247B30B260E4E1F00B8961A /* TempoModelForeCast.swift */; };
		6247B314260E4EBA00B8961A /* PegarTemperaturaForeCast.swift in Sources */ = {isa = PBXBuildFile; fileRef = 6247B313260E4EBA00B8961A /* PegarTemperaturaForeCast.swift */; };
		624F2957260E0A7C00372E34 /* Dados.swift in Sources */ = {isa = PBXBuildFile; fileRef = 624F2956260E0A7C00372E34 /* Dados.swift */; };
		625E29F92612005C006FA533 /* SeteDiasCell.swift in Sources */ = {isa = PBXBuildFile; fileRef = 625E29F82612005C006FA533 /* SeteDiasCell.swift */; };
		625EA77D25E9042B0030DC26 /* UIView.swift in Sources */ = {isa = PBXBuildFile; fileRef = 625EA77C25E9042B0030DC26 /* UIView.swift */; };
		625EA78325E90E690030DC26 /* TelaCadastroViewController.swift in Sources */ = {isa = PBXBuildFile; fileRef = 625EA78225E90E690030DC26 /* TelaCadastroViewController.swift */; };
		625EA78B25E90E720030DC26 /* TelaCadastroView.swift in Sources */ = {isa = PBXBuildFile; fileRef = 625EA78A25E90E720030DC26 /* TelaCadastroView.swift */; };
		625EA79125E9133D0030DC26 /* TextFieldFormulario.swift in Sources */ = {isa = PBXBuildFile; fileRef = 625EA79025E9133D0030DC26 /* TextFieldFormulario.swift */; };
		626BC63A2608CFC4000AC793 /* CadastroCoordinator.swift in Sources */ = {isa = PBXBuildFile; fileRef = 626BC6392608CFC4000AC793 /* CadastroCoordinator.swift */; };
		62853FB226148BBF00154E77 /* TelaHomeCollectionCell.swift in Sources */ = {isa = PBXBuildFile; fileRef = 62853FB126148BBF00154E77 /* TelaHomeCollectionCell.swift */; };
		6293C1B025E7E69900718F31 /* AppDelegate.swift in Sources */ = {isa = PBXBuildFile; fileRef = 6293C1AF25E7E69900718F31 /* AppDelegate.swift */; };
		6293C1B425E7E69900718F31 /* TelaLoginViewController.swift in Sources */ = {isa = PBXBuildFile; fileRef = 6293C1B325E7E69900718F31 /* TelaLoginViewController.swift */; };
		6293C1B925E7E69900718F31 /* Assets.xcassets in Resources */ = {isa = PBXBuildFile; fileRef = 6293C1B825E7E69900718F31 /* Assets.xcassets */; };
		6293C1BC25E7E69900718F31 /* LaunchScreen.storyboard in Resources */ = {isa = PBXBuildFile; fileRef = 6293C1BA25E7E69900718F31 /* LaunchScreen.storyboard */; };
		6293C1C725E7E69900718F31 /* Connect_PrevisionTests.swift in Sources */ = {isa = PBXBuildFile; fileRef = 6293C1C625E7E69900718F31 /* Connect_PrevisionTests.swift */; };
		6293C1D225E7E69900718F31 /* Connect_PrevisionUITests.swift in Sources */ = {isa = PBXBuildFile; fileRef = 6293C1D125E7E69900718F31 /* Connect_PrevisionUITests.swift */; };
		6293C1FB25E7E8BD00718F31 /* TelaLoginView.swift in Sources */ = {isa = PBXBuildFile; fileRef = 6293C1FA25E7E8BD00718F31 /* TelaLoginView.swift */; };
		6294CD8625ED569C00F2555A /* TelaHomeView.swift in Sources */ = {isa = PBXBuildFile; fileRef = 6294CD8525ED569C00F2555A /* TelaHomeView.swift */; };
		6294CD8B25ED56A700F2555A /* TelaHomeViewController.swift in Sources */ = {isa = PBXBuildFile; fileRef = 6294CD8A25ED56A700F2555A /* TelaHomeViewController.swift */; };
		629980D3260A56B700E17414 /* Imagens.swift in Sources */ = {isa = PBXBuildFile; fileRef = 629980D2260A56B700E17414 /* Imagens.swift */; };
		62ACA529261C7A05003195F0 /* ExtensionUIViewController.swift in Sources */ = {isa = PBXBuildFile; fileRef = 62ACA528261C7A05003195F0 /* ExtensionUIViewController.swift */; };
		62B9BCFE260B547A003BCA2D /* HomeNavigationTabViewController.swift in Sources */ = {isa = PBXBuildFile; fileRef = 62B9BCFD260B547A003BCA2D /* HomeNavigationTabViewController.swift */; };
		62B9BD03260B5506003BCA2D /* NavigationBarCoordinator.swift in Sources */ = {isa = PBXBuildFile; fileRef = 62B9BD02260B5506003BCA2D /* NavigationBarCoordinator.swift */; };
		62B9BD0A260B5710003BCA2D /* TemperaturaView.swift in Sources */ = {isa = PBXBuildFile; fileRef = 62B9BD09260B5710003BCA2D /* TemperaturaView.swift */; };
		62B9BD0F260B5719003BCA2D /* TemperaturaViewController.swift in Sources */ = {isa = PBXBuildFile; fileRef = 62B9BD0E260B5719003BCA2D /* TemperaturaViewController.swift */; };
		62B9BD14260B572E003BCA2D /* PerfilView.swift in Sources */ = {isa = PBXBuildFile; fileRef = 62B9BD13260B572E003BCA2D /* PerfilView.swift */; };
		62B9BD19260B5739003BCA2D /* PerfilViewController.swift in Sources */ = {isa = PBXBuildFile; fileRef = 62B9BD18260B5739003BCA2D /* PerfilViewController.swift */; };
		62B9BD30260B68A9003BCA2D /* ViewComponentesTemperatura.swift in Sources */ = {isa = PBXBuildFile; fileRef = 62B9BD2F260B68A9003BCA2D /* ViewComponentesTemperatura.swift */; };
		62BC6E842608E4CE00A04F73 /* LoginCoordinator.swift in Sources */ = {isa = PBXBuildFile; fileRef = 62BC6E832608E4CE00A04F73 /* LoginCoordinator.swift */; };
		62BC6E8D2608FBAD00A04F73 /* HomeCoordinator.swift in Sources */ = {isa = PBXBuildFile; fileRef = 62BC6E8C2608FBAD00A04F73 /* HomeCoordinator.swift */; };
		62CB10FB2625DABA00FC4399 /* InfoPlist.strings in Resources */ = {isa = PBXBuildFile; fileRef = 62CB10FD2625DABA00FC4399 /* InfoPlist.strings */; };
		62D6DA132615EBD200D2CF46 /* TelaPerfilViewModel.swift in Sources */ = {isa = PBXBuildFile; fileRef = 62D6DA122615EBD200D2CF46 /* TelaPerfilViewModel.swift */; };
		62D6DA182615F28A00D2CF46 /* PerfilComponent.swift in Sources */ = {isa = PBXBuildFile; fileRef = 62D6DA172615F28A00D2CF46 /* PerfilComponent.swift */; };
		62F0AD752604CC030011115A /* Coordinator.swift in Sources */ = {isa = PBXBuildFile; fileRef = 62F0AD742604CC030011115A /* Coordinator.swift */; };
		62F0AD7A2604CC0C0011115A /* MainCoordinator.swift in Sources */ = {isa = PBXBuildFile; fileRef = 62F0AD792604CC0C0011115A /* MainCoordinator.swift */; };
		62F0AD802604E01E0011115A /* TelaHomeViewModel.swift in Sources */ = {isa = PBXBuildFile; fileRef = 62F0AD7F2604E01E0011115A /* TelaHomeViewModel.swift */; };
		62FAEE5025E9396B0094C58A /* TelaCadastroViewModel.swift in Sources */ = {isa = PBXBuildFile; fileRef = 62FAEE4F25E9396B0094C58A /* TelaCadastroViewModel.swift */; };
		62FAEEA125E954E60094C58A /* LoginHelper.swift in Sources */ = {isa = PBXBuildFile; fileRef = 62FAEEA025E954E60094C58A /* LoginHelper.swift */; };
		62FAEEA925E954F20094C58A /* SignHelper.swift in Sources */ = {isa = PBXBuildFile; fileRef = 62FAEEA825E954F20094C58A /* SignHelper.swift */; };
		62FAEEAF25E955470094C58A /* FireBaseLoginSignModel.swift in Sources */ = {isa = PBXBuildFile; fileRef = 62FAEEAE25E955470094C58A /* FireBaseLoginSignModel.swift */; };
		62FAEEB925E958BE0094C58A /* TelaLoginViewModel.swift in Sources */ = {isa = PBXBuildFile; fileRef = 62FAEEB825E958BE0094C58A /* TelaLoginViewModel.swift */; };
		62FAEEBE25E95EBF0094C58A /* String+Extension.swift in Sources */ = {isa = PBXBuildFile; fileRef = 62FAEEBD25E95EBF0094C58A /* String+Extension.swift */; };
		91A727CF3F0AEDEDEE9ECDB8 /* Pods_Connect_PrevisionTests.framework in Frameworks */ = {isa = PBXBuildFile; fileRef = 58824572DA8C3D2A018943B3 /* Pods_Connect_PrevisionTests.framework */; };
		F6862A1B262725BD0011E454 /* GoogleService-Info.plist in Resources */ = {isa = PBXBuildFile; fileRef = F6862A1A262725BD0011E454 /* GoogleService-Info.plist */; };
/* End PBXBuildFile section */

/* Begin PBXContainerItemProxy section */
		6293C1C325E7E69900718F31 /* PBXContainerItemProxy */ = {
			isa = PBXContainerItemProxy;
			containerPortal = 6293C1A425E7E69900718F31 /* Project object */;
			proxyType = 1;
			remoteGlobalIDString = 6293C1AB25E7E69900718F31;
			remoteInfo = "Connect Prevision";
		};
		6293C1CE25E7E69900718F31 /* PBXContainerItemProxy */ = {
			isa = PBXContainerItemProxy;
			containerPortal = 6293C1A425E7E69900718F31 /* Project object */;
			proxyType = 1;
			remoteGlobalIDString = 6293C1AB25E7E69900718F31;
			remoteInfo = "Connect Prevision";
		};
/* End PBXContainerItemProxy section */

/* Begin PBXFileReference section */
		1F658E608769F40E3B4C6A7D /* Pods_Connect_Prevision.framework */ = {isa = PBXFileReference; explicitFileType = wrapper.framework; includeInIndex = 0; path = Pods_Connect_Prevision.framework; sourceTree = BUILT_PRODUCTS_DIR; };
		4F793F45182EC74B22C7240E /* Pods-Connect PrevisionTests.debug.xcconfig */ = {isa = PBXFileReference; includeInIndex = 1; lastKnownFileType = text.xcconfig; name = "Pods-Connect PrevisionTests.debug.xcconfig"; path = "Target Support Files/Pods-Connect PrevisionTests/Pods-Connect PrevisionTests.debug.xcconfig"; sourceTree = "<group>"; };
		58824572DA8C3D2A018943B3 /* Pods_Connect_PrevisionTests.framework */ = {isa = PBXFileReference; explicitFileType = wrapper.framework; includeInIndex = 0; path = Pods_Connect_PrevisionTests.framework; sourceTree = BUILT_PRODUCTS_DIR; };
		62129D16261F61A700E4C4D3 /* TranslateHelper.swift */ = {isa = PBXFileReference; lastKnownFileType = sourcecode.swift; path = TranslateHelper.swift; sourceTree = "<group>"; };
		62251FAD260CC00D00B3A2CC /* DateExtension.swift */ = {isa = PBXFileReference; lastKnownFileType = sourcecode.swift; path = DateExtension.swift; sourceTree = "<group>"; };
		62251FB2260CCFA300B3A2CC /* APIConstants.swift */ = {isa = PBXFileReference; lastKnownFileType = sourcecode.swift; path = APIConstants.swift; sourceTree = "<group>"; };
		62251FC0260CD18E00B3A2CC /* APIConfiration.swift */ = {isa = PBXFileReference; lastKnownFileType = sourcecode.swift; path = APIConfiration.swift; sourceTree = "<group>"; };
		62251FC8260CD6B900B3A2CC /* APIClient.swift */ = {isa = PBXFileReference; lastKnownFileType = sourcecode.swift; path = APIClient.swift; sourceTree = "<group>"; };
		622FE51026248F02009B6740 /* en */ = {isa = PBXFileReference; lastKnownFileType = text.plist.strings; name = en; path = en.lproj/Localizable.strings; sourceTree = "<group>"; };
		622FE53B26248F18009B6740 /* pt-BR */ = {isa = PBXFileReference; lastKnownFileType = text.plist.strings; name = "pt-BR"; path = "pt-BR.lproj/Localizable.strings"; sourceTree = "<group>"; };
		623676D42626FEB00006FF29 /* icones.xcassets */ = {isa = PBXFileReference; lastKnownFileType = folder.assetcatalog; path = icones.xcassets; sourceTree = "<group>"; };
		6247B30B260E4E1F00B8961A /* TempoModelForeCast.swift */ = {isa = PBXFileReference; lastKnownFileType = sourcecode.swift; path = TempoModelForeCast.swift; sourceTree = "<group>"; };
		6247B313260E4EBA00B8961A /* PegarTemperaturaForeCast.swift */ = {isa = PBXFileReference; lastKnownFileType = sourcecode.swift; path = PegarTemperaturaForeCast.swift; sourceTree = "<group>"; };
		624F2956260E0A7C00372E34 /* Dados.swift */ = {isa = PBXFileReference; lastKnownFileType = sourcecode.swift; path = Dados.swift; sourceTree = "<group>"; };
		625E29F82612005C006FA533 /* SeteDiasCell.swift */ = {isa = PBXFileReference; lastKnownFileType = sourcecode.swift; path = SeteDiasCell.swift; sourceTree = "<group>"; };
		625EA77C25E9042B0030DC26 /* UIView.swift */ = {isa = PBXFileReference; lastKnownFileType = sourcecode.swift; path = UIView.swift; sourceTree = "<group>"; };
		625EA78225E90E690030DC26 /* TelaCadastroViewController.swift */ = {isa = PBXFileReference; lastKnownFileType = sourcecode.swift; path = TelaCadastroViewController.swift; sourceTree = "<group>"; };
		625EA78A25E90E720030DC26 /* TelaCadastroView.swift */ = {isa = PBXFileReference; lastKnownFileType = sourcecode.swift; path = TelaCadastroView.swift; sourceTree = "<group>"; };
		625EA79025E9133D0030DC26 /* TextFieldFormulario.swift */ = {isa = PBXFileReference; lastKnownFileType = sourcecode.swift; path = TextFieldFormulario.swift; sourceTree = "<group>"; };
		626BC6392608CFC4000AC793 /* CadastroCoordinator.swift */ = {isa = PBXFileReference; lastKnownFileType = sourcecode.swift; path = CadastroCoordinator.swift; sourceTree = "<group>"; };
		62853FB126148BBF00154E77 /* TelaHomeCollectionCell.swift */ = {isa = PBXFileReference; lastKnownFileType = sourcecode.swift; path = TelaHomeCollectionCell.swift; sourceTree = "<group>"; };
		6293C1AC25E7E69900718F31 /* Connect Prevision.app */ = {isa = PBXFileReference; explicitFileType = wrapper.application; includeInIndex = 0; path = "Connect Prevision.app"; sourceTree = BUILT_PRODUCTS_DIR; };
		6293C1AF25E7E69900718F31 /* AppDelegate.swift */ = {isa = PBXFileReference; lastKnownFileType = sourcecode.swift; path = AppDelegate.swift; sourceTree = "<group>"; };
		6293C1B325E7E69900718F31 /* TelaLoginViewController.swift */ = {isa = PBXFileReference; lastKnownFileType = sourcecode.swift; path = TelaLoginViewController.swift; sourceTree = "<group>"; };
		6293C1B825E7E69900718F31 /* Assets.xcassets */ = {isa = PBXFileReference; lastKnownFileType = folder.assetcatalog; path = Assets.xcassets; sourceTree = "<group>"; };
		6293C1BB25E7E69900718F31 /* Base */ = {isa = PBXFileReference; lastKnownFileType = file.storyboard; name = Base; path = Base.lproj/LaunchScreen.storyboard; sourceTree = "<group>"; };
		6293C1BD25E7E69900718F31 /* Info.plist */ = {isa = PBXFileReference; lastKnownFileType = text.plist.xml; path = Info.plist; sourceTree = "<group>"; };
		6293C1C225E7E69900718F31 /* Connect PrevisionTests.xctest */ = {isa = PBXFileReference; explicitFileType = wrapper.cfbundle; includeInIndex = 0; path = "Connect PrevisionTests.xctest"; sourceTree = BUILT_PRODUCTS_DIR; };
		6293C1C625E7E69900718F31 /* Connect_PrevisionTests.swift */ = {isa = PBXFileReference; lastKnownFileType = sourcecode.swift; path = Connect_PrevisionTests.swift; sourceTree = "<group>"; };
		6293C1C825E7E69900718F31 /* Info.plist */ = {isa = PBXFileReference; lastKnownFileType = text.plist.xml; path = Info.plist; sourceTree = "<group>"; };
		6293C1CD25E7E69900718F31 /* Connect PrevisionUITests.xctest */ = {isa = PBXFileReference; explicitFileType = wrapper.cfbundle; includeInIndex = 0; path = "Connect PrevisionUITests.xctest"; sourceTree = BUILT_PRODUCTS_DIR; };
		6293C1D125E7E69900718F31 /* Connect_PrevisionUITests.swift */ = {isa = PBXFileReference; lastKnownFileType = sourcecode.swift; path = Connect_PrevisionUITests.swift; sourceTree = "<group>"; };
		6293C1D325E7E69900718F31 /* Info.plist */ = {isa = PBXFileReference; lastKnownFileType = text.plist.xml; path = Info.plist; sourceTree = "<group>"; };
		6293C1FA25E7E8BD00718F31 /* TelaLoginView.swift */ = {isa = PBXFileReference; lastKnownFileType = sourcecode.swift; path = TelaLoginView.swift; sourceTree = "<group>"; };
		6294CD8525ED569C00F2555A /* TelaHomeView.swift */ = {isa = PBXFileReference; lastKnownFileType = sourcecode.swift; path = TelaHomeView.swift; sourceTree = "<group>"; };
		6294CD8A25ED56A700F2555A /* TelaHomeViewController.swift */ = {isa = PBXFileReference; lastKnownFileType = sourcecode.swift; path = TelaHomeViewController.swift; sourceTree = "<group>"; };
		629980D2260A56B700E17414 /* Imagens.swift */ = {isa = PBXFileReference; lastKnownFileType = sourcecode.swift; path = Imagens.swift; sourceTree = "<group>"; };
		62ACA528261C7A05003195F0 /* ExtensionUIViewController.swift */ = {isa = PBXFileReference; lastKnownFileType = sourcecode.swift; path = ExtensionUIViewController.swift; sourceTree = "<group>"; };
		62B9BCFD260B547A003BCA2D /* HomeNavigationTabViewController.swift */ = {isa = PBXFileReference; lastKnownFileType = sourcecode.swift; path = HomeNavigationTabViewController.swift; sourceTree = "<group>"; };
		62B9BD02260B5506003BCA2D /* NavigationBarCoordinator.swift */ = {isa = PBXFileReference; lastKnownFileType = sourcecode.swift; path = NavigationBarCoordinator.swift; sourceTree = "<group>"; };
		62B9BD09260B5710003BCA2D /* TemperaturaView.swift */ = {isa = PBXFileReference; lastKnownFileType = sourcecode.swift; path = TemperaturaView.swift; sourceTree = "<group>"; };
		62B9BD0E260B5719003BCA2D /* TemperaturaViewController.swift */ = {isa = PBXFileReference; lastKnownFileType = sourcecode.swift; path = TemperaturaViewController.swift; sourceTree = "<group>"; };
		62B9BD13260B572E003BCA2D /* PerfilView.swift */ = {isa = PBXFileReference; lastKnownFileType = sourcecode.swift; path = PerfilView.swift; sourceTree = "<group>"; };
		62B9BD18260B5739003BCA2D /* PerfilViewController.swift */ = {isa = PBXFileReference; lastKnownFileType = sourcecode.swift; path = PerfilViewController.swift; sourceTree = "<group>"; };
		62B9BD2F260B68A9003BCA2D /* ViewComponentesTemperatura.swift */ = {isa = PBXFileReference; lastKnownFileType = sourcecode.swift; path = ViewComponentesTemperatura.swift; sourceTree = "<group>"; };
		62BC6E832608E4CE00A04F73 /* LoginCoordinator.swift */ = {isa = PBXFileReference; lastKnownFileType = sourcecode.swift; path = LoginCoordinator.swift; sourceTree = "<group>"; };
		62BC6E8C2608FBAD00A04F73 /* HomeCoordinator.swift */ = {isa = PBXFileReference; lastKnownFileType = sourcecode.swift; path = HomeCoordinator.swift; sourceTree = "<group>"; };
		62CB10FC2625DABA00FC4399 /* en */ = {isa = PBXFileReference; lastKnownFileType = text.plist.strings; name = en; path = en.lproj/InfoPlist.strings; sourceTree = "<group>"; };
		62CB11012625DABD00FC4399 /* pt-BR */ = {isa = PBXFileReference; lastKnownFileType = text.plist.strings; name = "pt-BR"; path = "pt-BR.lproj/InfoPlist.strings"; sourceTree = "<group>"; };
		62D6DA122615EBD200D2CF46 /* TelaPerfilViewModel.swift */ = {isa = PBXFileReference; lastKnownFileType = sourcecode.swift; path = TelaPerfilViewModel.swift; sourceTree = "<group>"; };
		62D6DA172615F28A00D2CF46 /* PerfilComponent.swift */ = {isa = PBXFileReference; lastKnownFileType = sourcecode.swift; path = PerfilComponent.swift; sourceTree = "<group>"; };
		62F0AD742604CC030011115A /* Coordinator.swift */ = {isa = PBXFileReference; lastKnownFileType = sourcecode.swift; path = Coordinator.swift; sourceTree = "<group>"; };
		62F0AD792604CC0C0011115A /* MainCoordinator.swift */ = {isa = PBXFileReference; lastKnownFileType = sourcecode.swift; path = MainCoordinator.swift; sourceTree = "<group>"; };
		62F0AD7F2604E01E0011115A /* TelaHomeViewModel.swift */ = {isa = PBXFileReference; lastKnownFileType = sourcecode.swift; path = TelaHomeViewModel.swift; sourceTree = "<group>"; };
		62FAEE4F25E9396B0094C58A /* TelaCadastroViewModel.swift */ = {isa = PBXFileReference; lastKnownFileType = sourcecode.swift; path = TelaCadastroViewModel.swift; sourceTree = "<group>"; };
		62FAEEA025E954E60094C58A /* LoginHelper.swift */ = {isa = PBXFileReference; lastKnownFileType = sourcecode.swift; path = LoginHelper.swift; sourceTree = "<group>"; };
		62FAEEA825E954F20094C58A /* SignHelper.swift */ = {isa = PBXFileReference; lastKnownFileType = sourcecode.swift; path = SignHelper.swift; sourceTree = "<group>"; };
		62FAEEAE25E955470094C58A /* FireBaseLoginSignModel.swift */ = {isa = PBXFileReference; lastKnownFileType = sourcecode.swift; path = FireBaseLoginSignModel.swift; sourceTree = "<group>"; };
		62FAEEB825E958BE0094C58A /* TelaLoginViewModel.swift */ = {isa = PBXFileReference; lastKnownFileType = sourcecode.swift; path = TelaLoginViewModel.swift; sourceTree = "<group>"; };
		62FAEEBD25E95EBF0094C58A /* String+Extension.swift */ = {isa = PBXFileReference; lastKnownFileType = sourcecode.swift; path = "String+Extension.swift"; sourceTree = "<group>"; };
		700252023C2EDB4E6703ECE3 /* Pods-Connect Prevision.release.xcconfig */ = {isa = PBXFileReference; includeInIndex = 1; lastKnownFileType = text.xcconfig; name = "Pods-Connect Prevision.release.xcconfig"; path = "Target Support Files/Pods-Connect Prevision/Pods-Connect Prevision.release.xcconfig"; sourceTree = "<group>"; };
		7A3E0BD7D676D97B13DBE849 /* Pods-Connect Prevision.debug.xcconfig */ = {isa = PBXFileReference; includeInIndex = 1; lastKnownFileType = text.xcconfig; name = "Pods-Connect Prevision.debug.xcconfig"; path = "Target Support Files/Pods-Connect Prevision/Pods-Connect Prevision.debug.xcconfig"; sourceTree = "<group>"; };
		7DAF3806FD4C518F17FA2E18 /* Pods-Connect PrevisionTests.release.xcconfig */ = {isa = PBXFileReference; includeInIndex = 1; lastKnownFileType = text.xcconfig; name = "Pods-Connect PrevisionTests.release.xcconfig"; path = "Target Support Files/Pods-Connect PrevisionTests/Pods-Connect PrevisionTests.release.xcconfig"; sourceTree = "<group>"; };
		8E31829D91A67AD087D64C57 /* Pods-Connect Prevision-Connect PrevisionUITests.release.xcconfig */ = {isa = PBXFileReference; includeInIndex = 1; lastKnownFileType = text.xcconfig; name = "Pods-Connect Prevision-Connect PrevisionUITests.release.xcconfig"; path = "Target Support Files/Pods-Connect Prevision-Connect PrevisionUITests/Pods-Connect Prevision-Connect PrevisionUITests.release.xcconfig"; sourceTree = "<group>"; };
		EBA1D7ADFBA0F6BA1ECD8BC9 /* Pods-Connect Prevision-Connect PrevisionUITests.debug.xcconfig */ = {isa = PBXFileReference; includeInIndex = 1; lastKnownFileType = text.xcconfig; name = "Pods-Connect Prevision-Connect PrevisionUITests.debug.xcconfig"; path = "Target Support Files/Pods-Connect Prevision-Connect PrevisionUITests/Pods-Connect Prevision-Connect PrevisionUITests.debug.xcconfig"; sourceTree = "<group>"; };
		F4EC4B19B5F659FDB76044B3 /* Pods_Connect_Prevision_Connect_PrevisionUITests.framework */ = {isa = PBXFileReference; explicitFileType = wrapper.framework; includeInIndex = 0; path = Pods_Connect_Prevision_Connect_PrevisionUITests.framework; sourceTree = BUILT_PRODUCTS_DIR; };
		F6862A1A262725BD0011E454 /* GoogleService-Info.plist */ = {isa = PBXFileReference; fileEncoding = 4; lastKnownFileType = text.plist.xml; path = "GoogleService-Info.plist"; sourceTree = "<group>"; };
/* End PBXFileReference section */

/* Begin PBXFrameworksBuildPhase section */
		6293C1A925E7E69900718F31 /* Frameworks */ = {
			isa = PBXFrameworksBuildPhase;
			buildActionMask = 2147483647;
			files = (
				25136AD6C7DA060BA9A5E030 /* Pods_Connect_Prevision.framework in Frameworks */,
			);
			runOnlyForDeploymentPostprocessing = 0;
		};
		6293C1BF25E7E69900718F31 /* Frameworks */ = {
			isa = PBXFrameworksBuildPhase;
			buildActionMask = 2147483647;
			files = (
				91A727CF3F0AEDEDEE9ECDB8 /* Pods_Connect_PrevisionTests.framework in Frameworks */,
			);
			runOnlyForDeploymentPostprocessing = 0;
		};
		6293C1CA25E7E69900718F31 /* Frameworks */ = {
			isa = PBXFrameworksBuildPhase;
			buildActionMask = 2147483647;
			files = (
				10FA55E6C2DE475D528A35C8 /* Pods_Connect_Prevision_Connect_PrevisionUITests.framework in Frameworks */,
			);
			runOnlyForDeploymentPostprocessing = 0;
		};
/* End PBXFrameworksBuildPhase section */

/* Begin PBXGroup section */
		5522241DCB0121BFAD9E3481 /* Frameworks */ = {
			isa = PBXGroup;
			children = (
				1F658E608769F40E3B4C6A7D /* Pods_Connect_Prevision.framework */,
				F4EC4B19B5F659FDB76044B3 /* Pods_Connect_Prevision_Connect_PrevisionUITests.framework */,
				58824572DA8C3D2A018943B3 /* Pods_Connect_PrevisionTests.framework */,
			);
			name = Frameworks;
			sourceTree = "<group>";
		};
		62251FB7260CD0CB00B3A2CC /* Routers */ = {
			isa = PBXGroup;
			children = (
				6247B313260E4EBA00B8961A /* PegarTemperaturaForeCast.swift */,
			);
			path = Routers;
			sourceTree = "<group>";
		};
		6225699A25E7EC0A003B0F59 /* Constants */ = {
			isa = PBXGroup;
			children = (
				629980D2260A56B700E17414 /* Imagens.swift */,
				62251FB2260CCFA300B3A2CC /* APIConstants.swift */,
			);
			path = Constants;
			sourceTree = "<group>";
		};
		6225699C25E7EC26003B0F59 /* Helper */ = {
			isa = PBXGroup;
			children = (
				62129D16261F61A700E4C4D3 /* TranslateHelper.swift */,
			);
			path = Helper;
			sourceTree = "<group>";
		};
		6225699D25E7EC33003B0F59 /* Networking */ = {
			isa = PBXGroup;
			children = (
				624F2955260E0A4F00372E34 /* Codable	 */,
				62251FB7260CD0CB00B3A2CC /* Routers */,
				62251FC0260CD18E00B3A2CC /* APIConfiration.swift */,
				62251FC8260CD6B900B3A2CC /* APIClient.swift */,
			);
			path = Networking;
			sourceTree = "<group>";
		};
		622FE4ED26248BC5009B6740 /* Supporting Files */ = {
			isa = PBXGroup;
			children = (
				F6862A1A262725BD0011E454 /* GoogleService-Info.plist */,
				6293C1BD25E7E69900718F31 /* Info.plist */,
				62CB10FD2625DABA00FC4399 /* InfoPlist.strings */,
				622FE51126248F02009B6740 /* Localizable.strings */,
			);
			path = "Supporting Files";
			sourceTree = "<group>";
		};
		624F2955260E0A4F00372E34 /* Codable	 */ = {
			isa = PBXGroup;
			children = (
				624F2956260E0A7C00372E34 /* Dados.swift */,
			);
			path = "Codable\t";
			sourceTree = "<group>";
		};
		625EA78125E90E570030DC26 /* TelaCadastro */ = {
			isa = PBXGroup;
			children = (
				625EA78A25E90E720030DC26 /* TelaCadastroView.swift */,
				625EA78225E90E690030DC26 /* TelaCadastroViewController.swift */,
			);
			path = TelaCadastro;
			sourceTree = "<group>";
		};
		625EA78F25E9130F0030DC26 /* Components */ = {
			isa = PBXGroup;
			children = (
				625EA79025E9133D0030DC26 /* TextFieldFormulario.swift */,
				62B9BD2F260B68A9003BCA2D /* ViewComponentesTemperatura.swift */,
				62D6DA172615F28A00D2CF46 /* PerfilComponent.swift */,
			);
			path = Components;
			sourceTree = "<group>";
		};
		6293C1A325E7E69900718F31 = {
			isa = PBXGroup;
			children = (
				6293C1AE25E7E69900718F31 /* Connect Prevision */,
				6293C1C525E7E69900718F31 /* Connect PrevisionTests */,
				6293C1D025E7E69900718F31 /* Connect PrevisionUITests */,
				6293C1AD25E7E69900718F31 /* Products */,
				840F35AF77589DA244461CF8 /* Pods */,
				5522241DCB0121BFAD9E3481 /* Frameworks */,
			);
			sourceTree = "<group>";
		};
		6293C1AD25E7E69900718F31 /* Products */ = {
			isa = PBXGroup;
			children = (
				6293C1AC25E7E69900718F31 /* Connect Prevision.app */,
				6293C1C225E7E69900718F31 /* Connect PrevisionTests.xctest */,
				6293C1CD25E7E69900718F31 /* Connect PrevisionUITests.xctest */,
			);
			name = Products;
			sourceTree = "<group>";
		};
		6293C1AE25E7E69900718F31 /* Connect Prevision */ = {
			isa = PBXGroup;
			children = (
				6293C1F725E7E89300718F31 /* App */,
				6293C1F825E7E8A000718F31 /* Assets */,
				6293C1F525E7E88900718F31 /* Core */,
				622FE4ED26248BC5009B6740 /* Supporting Files */,
				62FAEEAD25E9551F0094C58A /* Model */,
				F6862A25262727830011E454 /* UI */,
				6293C1F425E7E88300718F31 /* View */,
				6293C1F625E7E88D00718F31 /* ViewModel */,
				6293C1BA25E7E69900718F31 /* LaunchScreen.storyboard */,
			);
			path = "Connect Prevision";
			sourceTree = "<group>";
		};
		6293C1C525E7E69900718F31 /* Connect PrevisionTests */ = {
			isa = PBXGroup;
			children = (
				6293C1C625E7E69900718F31 /* Connect_PrevisionTests.swift */,
				6293C1C825E7E69900718F31 /* Info.plist */,
			);
			path = "Connect PrevisionTests";
			sourceTree = "<group>";
		};
		6293C1D025E7E69900718F31 /* Connect PrevisionUITests */ = {
			isa = PBXGroup;
			children = (
				6293C1D125E7E69900718F31 /* Connect_PrevisionUITests.swift */,
				6293C1D325E7E69900718F31 /* Info.plist */,
			);
			path = "Connect PrevisionUITests";
			sourceTree = "<group>";
		};
		6293C1F425E7E88300718F31 /* View */ = {
			isa = PBXGroup;
			children = (
				62B9BCFC260B545B003BCA2D /* NavigationHome */,
				625EA78125E90E570030DC26 /* TelaCadastro */,
				6293C1F925E7E8A900718F31 /* TelaLogin */,
			);
			path = View;
			sourceTree = "<group>";
		};
		6293C1F525E7E88900718F31 /* Core */ = {
			isa = PBXGroup;
			children = (
				6225699A25E7EC0A003B0F59 /* Constants */,
				62B9BD23260B5FA4003BCA2D /* Extension */,
				6225699C25E7EC26003B0F59 /* Helper */,
				62FAEE9F25E954D60094C58A /* Firebase */,
				62F0AD732604CBF50011115A /* Navigation */,
				6225699D25E7EC33003B0F59 /* Networking */,
				62BC6E882608E78A00A04F73 /* Protocol */,
			);
			path = Core;
			sourceTree = "<group>";
		};
		6293C1F625E7E88D00718F31 /* ViewModel */ = {
			isa = PBXGroup;
			children = (
				62FAEE4E25E939590094C58A /* TelaCadastro */,
				62F0AD7E2604E00D0011115A /* TelaHome */,
				62FAEEB725E958880094C58A /* TelaLogin */,
				62D6DA112615EBBF00D2CF46 /* TelaPerfil */,
			);
			path = ViewModel;
			sourceTree = "<group>";
		};
		6293C1F725E7E89300718F31 /* App */ = {
			isa = PBXGroup;
			children = (
				6293C1AF25E7E69900718F31 /* AppDelegate.swift */,
			);
			path = App;
			sourceTree = "<group>";
		};
		6293C1F825E7E8A000718F31 /* Assets */ = {
			isa = PBXGroup;
			children = (
				6293C1B825E7E69900718F31 /* Assets.xcassets */,
				623676D42626FEB00006FF29 /* icones.xcassets */,
			);
			path = Assets;
			sourceTree = "<group>";
		};
		6293C1F925E7E8A900718F31 /* TelaLogin */ = {
			isa = PBXGroup;
			children = (
				6293C1FA25E7E8BD00718F31 /* TelaLoginView.swift */,
				6293C1B325E7E69900718F31 /* TelaLoginViewController.swift */,
			);
			path = TelaLogin;
			sourceTree = "<group>";
		};
		6294CD7E25ED520700F2555A /* TelaHome */ = {
			isa = PBXGroup;
			children = (
				6247B30B260E4E1F00B8961A /* TempoModelForeCast.swift */,
			);
			path = TelaHome;
			sourceTree = "<group>";
		};
		6294CD8425ED568E00F2555A /* TelaHome */ = {
			isa = PBXGroup;
			children = (
				6294CD8525ED569C00F2555A /* TelaHomeView.swift */,
				6294CD8A25ED56A700F2555A /* TelaHomeViewController.swift */,
				62853FB126148BBF00154E77 /* TelaHomeCollectionCell.swift */,
			);
			path = TelaHome;
			sourceTree = "<group>";
		};
		62B9BCFC260B545B003BCA2D /* NavigationHome */ = {
			isa = PBXGroup;
			children = (
				62B9BCFD260B547A003BCA2D /* HomeNavigationTabViewController.swift */,
				62B9BD08260B5702003BCA2D /* Profile */,
				62B9BD07260B56EE003BCA2D /* Temperatura */,
				6294CD8425ED568E00F2555A /* TelaHome */,
			);
			path = NavigationHome;
			sourceTree = "<group>";
		};
		62B9BD07260B56EE003BCA2D /* Temperatura */ = {
			isa = PBXGroup;
			children = (
				62B9BD09260B5710003BCA2D /* TemperaturaView.swift */,
				62B9BD0E260B5719003BCA2D /* TemperaturaViewController.swift */,
				625E29F82612005C006FA533 /* SeteDiasCell.swift */,
			);
			path = Temperatura;
			sourceTree = "<group>";
		};
		62B9BD08260B5702003BCA2D /* Profile */ = {
			isa = PBXGroup;
			children = (
				62B9BD13260B572E003BCA2D /* PerfilView.swift */,
				62B9BD18260B5739003BCA2D /* PerfilViewController.swift */,
			);
			path = Profile;
			sourceTree = "<group>";
		};
		62B9BD23260B5FA4003BCA2D /* Extension */ = {
			isa = PBXGroup;
			children = (
				625EA77C25E9042B0030DC26 /* UIView.swift */,
				62FAEEBD25E95EBF0094C58A /* String+Extension.swift */,
				62251FAD260CC00D00B3A2CC /* DateExtension.swift */,
				62ACA528261C7A05003195F0 /* ExtensionUIViewController.swift */,
			);
			path = Extension;
			sourceTree = "<group>";
		};
		62BC6E882608E78A00A04F73 /* Protocol */ = {
			isa = PBXGroup;
			children = (
				62F0AD742604CC030011115A /* Coordinator.swift */,
			);
			path = Protocol;
			sourceTree = "<group>";
		};
		62D6DA112615EBBF00D2CF46 /* TelaPerfil */ = {
			isa = PBXGroup;
			children = (
				62D6DA122615EBD200D2CF46 /* TelaPerfilViewModel.swift */,
			);
			path = TelaPerfil;
			sourceTree = "<group>";
		};
		62F0AD732604CBF50011115A /* Navigation */ = {
			isa = PBXGroup;
			children = (
				626BC6392608CFC4000AC793 /* CadastroCoordinator.swift */,
				62BC6E832608E4CE00A04F73 /* LoginCoordinator.swift */,
				62F0AD792604CC0C0011115A /* MainCoordinator.swift */,
				62BC6E8C2608FBAD00A04F73 /* HomeCoordinator.swift */,
				62B9BD02260B5506003BCA2D /* NavigationBarCoordinator.swift */,
			);
			path = Navigation;
			sourceTree = "<group>";
		};
		62F0AD7E2604E00D0011115A /* TelaHome */ = {
			isa = PBXGroup;
			children = (
				62F0AD7F2604E01E0011115A /* TelaHomeViewModel.swift */,
			);
			path = TelaHome;
			sourceTree = "<group>";
		};
		62FAEE4E25E939590094C58A /* TelaCadastro */ = {
			isa = PBXGroup;
			children = (
				62FAEE4F25E9396B0094C58A /* TelaCadastroViewModel.swift */,
			);
			path = TelaCadastro;
			sourceTree = "<group>";
		};
		62FAEE9F25E954D60094C58A /* Firebase */ = {
			isa = PBXGroup;
			children = (
				62FAEEA025E954E60094C58A /* LoginHelper.swift */,
				62FAEEA825E954F20094C58A /* SignHelper.swift */,
			);
			path = Firebase;
			sourceTree = "<group>";
		};
		62FAEEAD25E9551F0094C58A /* Model */ = {
			isa = PBXGroup;
			children = (
				62FAEEB625E958750094C58A /* TelaCadastro */,
				6294CD7E25ED520700F2555A /* TelaHome */,
			);
			path = Model;
			sourceTree = "<group>";
		};
		62FAEEB625E958750094C58A /* TelaCadastro */ = {
			isa = PBXGroup;
			children = (
				62FAEEAE25E955470094C58A /* FireBaseLoginSignModel.swift */,
			);
			path = TelaCadastro;
			sourceTree = "<group>";
		};
		62FAEEB725E958880094C58A /* TelaLogin */ = {
			isa = PBXGroup;
			children = (
				62FAEEB825E958BE0094C58A /* TelaLoginViewModel.swift */,
			);
			path = TelaLogin;
			sourceTree = "<group>";
		};
		840F35AF77589DA244461CF8 /* Pods */ = {
			isa = PBXGroup;
			children = (
				7A3E0BD7D676D97B13DBE849 /* Pods-Connect Prevision.debug.xcconfig */,
				700252023C2EDB4E6703ECE3 /* Pods-Connect Prevision.release.xcconfig */,
				EBA1D7ADFBA0F6BA1ECD8BC9 /* Pods-Connect Prevision-Connect PrevisionUITests.debug.xcconfig */,
				8E31829D91A67AD087D64C57 /* Pods-Connect Prevision-Connect PrevisionUITests.release.xcconfig */,
				4F793F45182EC74B22C7240E /* Pods-Connect PrevisionTests.debug.xcconfig */,
				7DAF3806FD4C518F17FA2E18 /* Pods-Connect PrevisionTests.release.xcconfig */,
			);
			path = Pods;
			sourceTree = "<group>";
		};
		F6862A25262727830011E454 /* UI */ = {
			isa = PBXGroup;
			children = (
				625EA78F25E9130F0030DC26 /* Components */,
			);
			path = UI;
			sourceTree = "<group>";
		};
/* End PBXGroup section */

/* Begin PBXNativeTarget section */
		6293C1AB25E7E69900718F31 /* Connect Prevision */ = {
			isa = PBXNativeTarget;
			buildConfigurationList = 6293C1D625E7E69900718F31 /* Build configuration list for PBXNativeTarget "Connect Prevision" */;
			buildPhases = (
				03D675FE2CB8446C3E304DBA /* [CP] Check Pods Manifest.lock */,
				6293C1A825E7E69900718F31 /* Sources */,
				6293C1A925E7E69900718F31 /* Frameworks */,
				6293C1AA25E7E69900718F31 /* Resources */,
				DF149613AFE2C035AEEC67A1 /* [CP] Embed Pods Frameworks */,
				AB7B7F896ED9F8D1C47297E9 /* [CP] Copy Pods Resources */,
			);
			buildRules = (
			);
			dependencies = (
			);
			name = "Connect Prevision";
			productName = "Connect Prevision";
			productReference = 6293C1AC25E7E69900718F31 /* Connect Prevision.app */;
			productType = "com.apple.product-type.application";
		};
		6293C1C125E7E69900718F31 /* Connect PrevisionTests */ = {
			isa = PBXNativeTarget;
			buildConfigurationList = 6293C1D925E7E69900718F31 /* Build configuration list for PBXNativeTarget "Connect PrevisionTests" */;
			buildPhases = (
				E24F07644FE131CC2AE6A263 /* [CP] Check Pods Manifest.lock */,
				6293C1BE25E7E69900718F31 /* Sources */,
				6293C1BF25E7E69900718F31 /* Frameworks */,
				6293C1C025E7E69900718F31 /* Resources */,
			);
			buildRules = (
			);
			dependencies = (
				6293C1C425E7E69900718F31 /* PBXTargetDependency */,
			);
			name = "Connect PrevisionTests";
			productName = "Connect PrevisionTests";
			productReference = 6293C1C225E7E69900718F31 /* Connect PrevisionTests.xctest */;
			productType = "com.apple.product-type.bundle.unit-test";
		};
		6293C1CC25E7E69900718F31 /* Connect PrevisionUITests */ = {
			isa = PBXNativeTarget;
			buildConfigurationList = 6293C1DC25E7E69900718F31 /* Build configuration list for PBXNativeTarget "Connect PrevisionUITests" */;
			buildPhases = (
				F3EB4D11D06EE717DE2B30DD /* [CP] Check Pods Manifest.lock */,
				6293C1C925E7E69900718F31 /* Sources */,
				6293C1CA25E7E69900718F31 /* Frameworks */,
				6293C1CB25E7E69900718F31 /* Resources */,
				78752BE2027688198B582273 /* [CP] Embed Pods Frameworks */,
				AFF0CA0D95B8CDE0F61F2744 /* [CP] Copy Pods Resources */,
			);
			buildRules = (
			);
			dependencies = (
				6293C1CF25E7E69900718F31 /* PBXTargetDependency */,
			);
			name = "Connect PrevisionUITests";
			productName = "Connect PrevisionUITests";
			productReference = 6293C1CD25E7E69900718F31 /* Connect PrevisionUITests.xctest */;
			productType = "com.apple.product-type.bundle.ui-testing";
		};
/* End PBXNativeTarget section */

/* Begin PBXProject section */
		6293C1A425E7E69900718F31 /* Project object */ = {
			isa = PBXProject;
			attributes = {
				LastSwiftUpdateCheck = 1240;
				LastUpgradeCheck = 1240;
				TargetAttributes = {
					6293C1AB25E7E69900718F31 = {
						CreatedOnToolsVersion = 12.4;
					};
					6293C1C125E7E69900718F31 = {
						CreatedOnToolsVersion = 12.4;
						TestTargetID = 6293C1AB25E7E69900718F31;
					};
					6293C1CC25E7E69900718F31 = {
						CreatedOnToolsVersion = 12.4;
						TestTargetID = 6293C1AB25E7E69900718F31;
					};
				};
			};
			buildConfigurationList = 6293C1A725E7E69900718F31 /* Build configuration list for PBXProject "Connect Prevision" */;
			compatibilityVersion = "Xcode 9.3";
			developmentRegion = en;
			hasScannedForEncodings = 0;
			knownRegions = (
				en,
				Base,
				"pt-BR",
			);
			mainGroup = 6293C1A325E7E69900718F31;
			productRefGroup = 6293C1AD25E7E69900718F31 /* Products */;
			projectDirPath = "";
			projectRoot = "";
			targets = (
				6293C1AB25E7E69900718F31 /* Connect Prevision */,
				6293C1C125E7E69900718F31 /* Connect PrevisionTests */,
				6293C1CC25E7E69900718F31 /* Connect PrevisionUITests */,
			);
		};
/* End PBXProject section */

/* Begin PBXResourcesBuildPhase section */
		6293C1AA25E7E69900718F31 /* Resources */ = {
			isa = PBXResourcesBuildPhase;
			buildActionMask = 2147483647;
			files = (
				6293C1BC25E7E69900718F31 /* LaunchScreen.storyboard in Resources */,
				622FE50F26248F02009B6740 /* Localizable.strings in Resources */,
				6293C1B925E7E69900718F31 /* Assets.xcassets in Resources */,
				623676D52626FEB00006FF29 /* icones.xcassets in Resources */,
				62CB10FB2625DABA00FC4399 /* InfoPlist.strings in Resources */,
				F6862A1B262725BD0011E454 /* GoogleService-Info.plist in Resources */,
			);
			runOnlyForDeploymentPostprocessing = 0;
		};
		6293C1C025E7E69900718F31 /* Resources */ = {
			isa = PBXResourcesBuildPhase;
			buildActionMask = 2147483647;
			files = (
			);
			runOnlyForDeploymentPostprocessing = 0;
		};
		6293C1CB25E7E69900718F31 /* Resources */ = {
			isa = PBXResourcesBuildPhase;
			buildActionMask = 2147483647;
			files = (
			);
			runOnlyForDeploymentPostprocessing = 0;
		};
/* End PBXResourcesBuildPhase section */

/* Begin PBXShellScriptBuildPhase section */
		03D675FE2CB8446C3E304DBA /* [CP] Check Pods Manifest.lock */ = {
			isa = PBXShellScriptBuildPhase;
			buildActionMask = 2147483647;
			files = (
			);
			inputFileListPaths = (
			);
			inputPaths = (
				"${PODS_PODFILE_DIR_PATH}/Podfile.lock",
				"${PODS_ROOT}/Manifest.lock",
			);
			name = "[CP] Check Pods Manifest.lock";
			outputFileListPaths = (
			);
			outputPaths = (
				"$(DERIVED_FILE_DIR)/Pods-Connect Prevision-checkManifestLockResult.txt",
			);
			runOnlyForDeploymentPostprocessing = 0;
			shellPath = /bin/sh;
			shellScript = "diff \"${PODS_PODFILE_DIR_PATH}/Podfile.lock\" \"${PODS_ROOT}/Manifest.lock\" > /dev/null\nif [ $? != 0 ] ; then\n    # print error to STDERR\n    echo \"error: The sandbox is not in sync with the Podfile.lock. Run 'pod install' or update your CocoaPods installation.\" >&2\n    exit 1\nfi\n# This output is used by Xcode 'outputs' to avoid re-running this script phase.\necho \"SUCCESS\" > \"${SCRIPT_OUTPUT_FILE_0}\"\n";
			showEnvVarsInLog = 0;
		};
		78752BE2027688198B582273 /* [CP] Embed Pods Frameworks */ = {
			isa = PBXShellScriptBuildPhase;
			buildActionMask = 2147483647;
			files = (
			);
			inputFileListPaths = (
				"${PODS_ROOT}/Target Support Files/Pods-Connect Prevision-Connect PrevisionUITests/Pods-Connect Prevision-Connect PrevisionUITests-frameworks-${CONFIGURATION}-input-files.xcfilelist",
			);
			name = "[CP] Embed Pods Frameworks";
			outputFileListPaths = (
				"${PODS_ROOT}/Target Support Files/Pods-Connect Prevision-Connect PrevisionUITests/Pods-Connect Prevision-Connect PrevisionUITests-frameworks-${CONFIGURATION}-output-files.xcfilelist",
			);
			runOnlyForDeploymentPostprocessing = 0;
			shellPath = /bin/sh;
			shellScript = "\"${PODS_ROOT}/Target Support Files/Pods-Connect Prevision-Connect PrevisionUITests/Pods-Connect Prevision-Connect PrevisionUITests-frameworks.sh\"\n";
			showEnvVarsInLog = 0;
		};
		AB7B7F896ED9F8D1C47297E9 /* [CP] Copy Pods Resources */ = {
			isa = PBXShellScriptBuildPhase;
			buildActionMask = 2147483647;
			files = (
			);
			inputFileListPaths = (
				"${PODS_ROOT}/Target Support Files/Pods-Connect Prevision/Pods-Connect Prevision-resources-${CONFIGURATION}-input-files.xcfilelist",
			);
			name = "[CP] Copy Pods Resources";
			outputFileListPaths = (
				"${PODS_ROOT}/Target Support Files/Pods-Connect Prevision/Pods-Connect Prevision-resources-${CONFIGURATION}-output-files.xcfilelist",
			);
			runOnlyForDeploymentPostprocessing = 0;
			shellPath = /bin/sh;
			shellScript = "\"${PODS_ROOT}/Target Support Files/Pods-Connect Prevision/Pods-Connect Prevision-resources.sh\"\n";
			showEnvVarsInLog = 0;
		};
		AFF0CA0D95B8CDE0F61F2744 /* [CP] Copy Pods Resources */ = {
			isa = PBXShellScriptBuildPhase;
			buildActionMask = 2147483647;
			files = (
			);
			inputFileListPaths = (
				"${PODS_ROOT}/Target Support Files/Pods-Connect Prevision-Connect PrevisionUITests/Pods-Connect Prevision-Connect PrevisionUITests-resources-${CONFIGURATION}-input-files.xcfilelist",
			);
			name = "[CP] Copy Pods Resources";
			outputFileListPaths = (
				"${PODS_ROOT}/Target Support Files/Pods-Connect Prevision-Connect PrevisionUITests/Pods-Connect Prevision-Connect PrevisionUITests-resources-${CONFIGURATION}-output-files.xcfilelist",
			);
			runOnlyForDeploymentPostprocessing = 0;
			shellPath = /bin/sh;
			shellScript = "\"${PODS_ROOT}/Target Support Files/Pods-Connect Prevision-Connect PrevisionUITests/Pods-Connect Prevision-Connect PrevisionUITests-resources.sh\"\n";
			showEnvVarsInLog = 0;
		};
		DF149613AFE2C035AEEC67A1 /* [CP] Embed Pods Frameworks */ = {
			isa = PBXShellScriptBuildPhase;
			buildActionMask = 2147483647;
			files = (
			);
			inputFileListPaths = (
				"${PODS_ROOT}/Target Support Files/Pods-Connect Prevision/Pods-Connect Prevision-frameworks-${CONFIGURATION}-input-files.xcfilelist",
			);
			name = "[CP] Embed Pods Frameworks";
			outputFileListPaths = (
				"${PODS_ROOT}/Target Support Files/Pods-Connect Prevision/Pods-Connect Prevision-frameworks-${CONFIGURATION}-output-files.xcfilelist",
			);
			runOnlyForDeploymentPostprocessing = 0;
			shellPath = /bin/sh;
			shellScript = "\"${PODS_ROOT}/Target Support Files/Pods-Connect Prevision/Pods-Connect Prevision-frameworks.sh\"\n";
			showEnvVarsInLog = 0;
		};
		E24F07644FE131CC2AE6A263 /* [CP] Check Pods Manifest.lock */ = {
			isa = PBXShellScriptBuildPhase;
			buildActionMask = 2147483647;
			files = (
			);
			inputFileListPaths = (
			);
			inputPaths = (
				"${PODS_PODFILE_DIR_PATH}/Podfile.lock",
				"${PODS_ROOT}/Manifest.lock",
			);
			name = "[CP] Check Pods Manifest.lock";
			outputFileListPaths = (
			);
			outputPaths = (
				"$(DERIVED_FILE_DIR)/Pods-Connect PrevisionTests-checkManifestLockResult.txt",
			);
			runOnlyForDeploymentPostprocessing = 0;
			shellPath = /bin/sh;
			shellScript = "diff \"${PODS_PODFILE_DIR_PATH}/Podfile.lock\" \"${PODS_ROOT}/Manifest.lock\" > /dev/null\nif [ $? != 0 ] ; then\n    # print error to STDERR\n    echo \"error: The sandbox is not in sync with the Podfile.lock. Run 'pod install' or update your CocoaPods installation.\" >&2\n    exit 1\nfi\n# This output is used by Xcode 'outputs' to avoid re-running this script phase.\necho \"SUCCESS\" > \"${SCRIPT_OUTPUT_FILE_0}\"\n";
			showEnvVarsInLog = 0;
		};
		F3EB4D11D06EE717DE2B30DD /* [CP] Check Pods Manifest.lock */ = {
			isa = PBXShellScriptBuildPhase;
			buildActionMask = 2147483647;
			files = (
			);
			inputFileListPaths = (
			);
			inputPaths = (
				"${PODS_PODFILE_DIR_PATH}/Podfile.lock",
				"${PODS_ROOT}/Manifest.lock",
			);
			name = "[CP] Check Pods Manifest.lock";
			outputFileListPaths = (
			);
			outputPaths = (
				"$(DERIVED_FILE_DIR)/Pods-Connect Prevision-Connect PrevisionUITests-checkManifestLockResult.txt",
			);
			runOnlyForDeploymentPostprocessing = 0;
			shellPath = /bin/sh;
			shellScript = "diff \"${PODS_PODFILE_DIR_PATH}/Podfile.lock\" \"${PODS_ROOT}/Manifest.lock\" > /dev/null\nif [ $? != 0 ] ; then\n    # print error to STDERR\n    echo \"error: The sandbox is not in sync with the Podfile.lock. Run 'pod install' or update your CocoaPods installation.\" >&2\n    exit 1\nfi\n# This output is used by Xcode 'outputs' to avoid re-running this script phase.\necho \"SUCCESS\" > \"${SCRIPT_OUTPUT_FILE_0}\"\n";
			showEnvVarsInLog = 0;
		};
/* End PBXShellScriptBuildPhase section */

/* Begin PBXSourcesBuildPhase section */
		6293C1A825E7E69900718F31 /* Sources */ = {
			isa = PBXSourcesBuildPhase;
			buildActionMask = 2147483647;
			files = (
				62F0AD802604E01E0011115A /* TelaHomeViewModel.swift in Sources */,
				62D6DA182615F28A00D2CF46 /* PerfilComponent.swift in Sources */,
				62D6DA132615EBD200D2CF46 /* TelaPerfilViewModel.swift in Sources */,
				626BC63A2608CFC4000AC793 /* CadastroCoordinator.swift in Sources */,
				62251FB3260CCFA300B3A2CC /* APIConstants.swift in Sources */,
				625EA77D25E9042B0030DC26 /* UIView.swift in Sources */,
				62FAEE5025E9396B0094C58A /* TelaCadastroViewModel.swift in Sources */,
				625EA78325E90E690030DC26 /* TelaCadastroViewController.swift in Sources */,
				6293C1B425E7E69900718F31 /* TelaLoginViewController.swift in Sources */,
				6293C1B025E7E69900718F31 /* AppDelegate.swift in Sources */,
				6294CD8B25ED56A700F2555A /* TelaHomeViewController.swift in Sources */,
				6247B314260E4EBA00B8961A /* PegarTemperaturaForeCast.swift in Sources */,
				62B9BD19260B5739003BCA2D /* PerfilViewController.swift in Sources */,
				629980D3260A56B700E17414 /* Imagens.swift in Sources */,
				62853FB226148BBF00154E77 /* TelaHomeCollectionCell.swift in Sources */,
				6293C1FB25E7E8BD00718F31 /* TelaLoginView.swift in Sources */,
				625E29F92612005C006FA533 /* SeteDiasCell.swift in Sources */,
				62BC6E842608E4CE00A04F73 /* LoginCoordinator.swift in Sources */,
				62F0AD7A2604CC0C0011115A /* MainCoordinator.swift in Sources */,
				62129D17261F61A700E4C4D3 /* TranslateHelper.swift in Sources */,
				62B9BD14260B572E003BCA2D /* PerfilView.swift in Sources */,
				62ACA529261C7A05003195F0 /* ExtensionUIViewController.swift in Sources */,
				62FAEEBE25E95EBF0094C58A /* String+Extension.swift in Sources */,
				62FAEEB925E958BE0094C58A /* TelaLoginViewModel.swift in Sources */,
				62B9BCFE260B547A003BCA2D /* HomeNavigationTabViewController.swift in Sources */,
				62B9BD03260B5506003BCA2D /* NavigationBarCoordinator.swift in Sources */,
				62F0AD752604CC030011115A /* Coordinator.swift in Sources */,
				6294CD8625ED569C00F2555A /* TelaHomeView.swift in Sources */,
				62251FC1260CD18E00B3A2CC /* APIConfiration.swift in Sources */,
				62FAEEA925E954F20094C58A /* SignHelper.swift in Sources */,
				625EA79125E9133D0030DC26 /* TextFieldFormulario.swift in Sources */,
				62251FC9260CD6B900B3A2CC /* APIClient.swift in Sources */,
				6247B30C260E4E1F00B8961A /* TempoModelForeCast.swift in Sources */,
				625EA78B25E90E720030DC26 /* TelaCadastroView.swift in Sources */,
				62B9BD30260B68A9003BCA2D /* ViewComponentesTemperatura.swift in Sources */,
				62FAEEAF25E955470094C58A /* FireBaseLoginSignModel.swift in Sources */,
				62251FAE260CC00D00B3A2CC /* DateExtension.swift in Sources */,
				62B9BD0F260B5719003BCA2D /* TemperaturaViewController.swift in Sources */,
				62B9BD0A260B5710003BCA2D /* TemperaturaView.swift in Sources */,
				624F2957260E0A7C00372E34 /* Dados.swift in Sources */,
				62FAEEA125E954E60094C58A /* LoginHelper.swift in Sources */,
				62BC6E8D2608FBAD00A04F73 /* HomeCoordinator.swift in Sources */,
			);
			runOnlyForDeploymentPostprocessing = 0;
		};
		6293C1BE25E7E69900718F31 /* Sources */ = {
			isa = PBXSourcesBuildPhase;
			buildActionMask = 2147483647;
			files = (
				6293C1C725E7E69900718F31 /* Connect_PrevisionTests.swift in Sources */,
			);
			runOnlyForDeploymentPostprocessing = 0;
		};
		6293C1C925E7E69900718F31 /* Sources */ = {
			isa = PBXSourcesBuildPhase;
			buildActionMask = 2147483647;
			files = (
				6293C1D225E7E69900718F31 /* Connect_PrevisionUITests.swift in Sources */,
			);
			runOnlyForDeploymentPostprocessing = 0;
		};
/* End PBXSourcesBuildPhase section */

/* Begin PBXTargetDependency section */
		6293C1C425E7E69900718F31 /* PBXTargetDependency */ = {
			isa = PBXTargetDependency;
			target = 6293C1AB25E7E69900718F31 /* Connect Prevision */;
			targetProxy = 6293C1C325E7E69900718F31 /* PBXContainerItemProxy */;
		};
		6293C1CF25E7E69900718F31 /* PBXTargetDependency */ = {
			isa = PBXTargetDependency;
			target = 6293C1AB25E7E69900718F31 /* Connect Prevision */;
			targetProxy = 6293C1CE25E7E69900718F31 /* PBXContainerItemProxy */;
		};
/* End PBXTargetDependency section */

/* Begin PBXVariantGroup section */
		622FE51126248F02009B6740 /* Localizable.strings */ = {
			isa = PBXVariantGroup;
			children = (
				622FE51026248F02009B6740 /* en */,
				622FE53B26248F18009B6740 /* pt-BR */,
			);
			name = Localizable.strings;
			sourceTree = "<group>";
		};
		6293C1BA25E7E69900718F31 /* LaunchScreen.storyboard */ = {
			isa = PBXVariantGroup;
			children = (
				6293C1BB25E7E69900718F31 /* Base */,
			);
			name = LaunchScreen.storyboard;
			sourceTree = "<group>";
		};
		62CB10FD2625DABA00FC4399 /* InfoPlist.strings */ = {
			isa = PBXVariantGroup;
			children = (
				62CB10FC2625DABA00FC4399 /* en */,
				62CB11012625DABD00FC4399 /* pt-BR */,
			);
			name = InfoPlist.strings;
			sourceTree = "<group>";
		};
/* End PBXVariantGroup section */

/* Begin XCBuildConfiguration section */
		6293C1D425E7E69900718F31 /* Debug */ = {
			isa = XCBuildConfiguration;
			buildSettings = {
				ALWAYS_SEARCH_USER_PATHS = NO;
				CLANG_ANALYZER_LOCALIZABILITY_NONLOCALIZED = YES;
				CLANG_ANALYZER_NONNULL = YES;
				CLANG_ANALYZER_NUMBER_OBJECT_CONVERSION = YES_AGGRESSIVE;
				CLANG_CXX_LANGUAGE_STANDARD = "gnu++14";
				CLANG_CXX_LIBRARY = "libc++";
				CLANG_ENABLE_MODULES = YES;
				CLANG_ENABLE_OBJC_ARC = YES;
				CLANG_ENABLE_OBJC_WEAK = YES;
				CLANG_WARN_BLOCK_CAPTURE_AUTORELEASING = YES;
				CLANG_WARN_BOOL_CONVERSION = YES;
				CLANG_WARN_COMMA = YES;
				CLANG_WARN_CONSTANT_CONVERSION = YES;
				CLANG_WARN_DEPRECATED_OBJC_IMPLEMENTATIONS = YES;
				CLANG_WARN_DIRECT_OBJC_ISA_USAGE = YES_ERROR;
				CLANG_WARN_DOCUMENTATION_COMMENTS = YES;
				CLANG_WARN_EMPTY_BODY = YES;
				CLANG_WARN_ENUM_CONVERSION = YES;
				CLANG_WARN_INFINITE_RECURSION = YES;
				CLANG_WARN_INT_CONVERSION = YES;
				CLANG_WARN_NON_LITERAL_NULL_CONVERSION = YES;
				CLANG_WARN_OBJC_IMPLICIT_RETAIN_SELF = YES;
				CLANG_WARN_OBJC_LITERAL_CONVERSION = YES;
				CLANG_WARN_OBJC_ROOT_CLASS = YES_ERROR;
				CLANG_WARN_QUOTED_INCLUDE_IN_FRAMEWORK_HEADER = YES;
				CLANG_WARN_RANGE_LOOP_ANALYSIS = YES;
				CLANG_WARN_STRICT_PROTOTYPES = YES;
				CLANG_WARN_SUSPICIOUS_MOVE = YES;
				CLANG_WARN_UNGUARDED_AVAILABILITY = YES_AGGRESSIVE;
				CLANG_WARN_UNREACHABLE_CODE = YES;
				CLANG_WARN__DUPLICATE_METHOD_MATCH = YES;
				COPY_PHASE_STRIP = NO;
				DEBUG_INFORMATION_FORMAT = dwarf;
				ENABLE_STRICT_OBJC_MSGSEND = YES;
				ENABLE_TESTABILITY = YES;
				"EXCLUDED_ARCHS[sdk=*]" = arm64;
				GCC_C_LANGUAGE_STANDARD = gnu11;
				GCC_DYNAMIC_NO_PIC = NO;
				GCC_NO_COMMON_BLOCKS = YES;
				GCC_OPTIMIZATION_LEVEL = 0;
				GCC_PREPROCESSOR_DEFINITIONS = (
					"DEBUG=1",
					"$(inherited)",
				);
				GCC_WARN_64_TO_32_BIT_CONVERSION = YES;
				GCC_WARN_ABOUT_RETURN_TYPE = YES_ERROR;
				GCC_WARN_UNDECLARED_SELECTOR = YES;
				GCC_WARN_UNINITIALIZED_AUTOS = YES_AGGRESSIVE;
				GCC_WARN_UNUSED_FUNCTION = YES;
				GCC_WARN_UNUSED_VARIABLE = YES;
				IPHONEOS_DEPLOYMENT_TARGET = 12.1;
				MTL_ENABLE_DEBUG_INFO = INCLUDE_SOURCE;
				MTL_FAST_MATH = YES;
				ONLY_ACTIVE_ARCH = YES;
				SDKROOT = iphoneos;
				SWIFT_ACTIVE_COMPILATION_CONDITIONS = DEBUG;
				SWIFT_OPTIMIZATION_LEVEL = "-Onone";
			};
			name = Debug;
		};
		6293C1D525E7E69900718F31 /* Release */ = {
			isa = XCBuildConfiguration;
			buildSettings = {
				ALWAYS_SEARCH_USER_PATHS = NO;
				CLANG_ANALYZER_LOCALIZABILITY_NONLOCALIZED = YES;
				CLANG_ANALYZER_NONNULL = YES;
				CLANG_ANALYZER_NUMBER_OBJECT_CONVERSION = YES_AGGRESSIVE;
				CLANG_CXX_LANGUAGE_STANDARD = "gnu++14";
				CLANG_CXX_LIBRARY = "libc++";
				CLANG_ENABLE_MODULES = YES;
				CLANG_ENABLE_OBJC_ARC = YES;
				CLANG_ENABLE_OBJC_WEAK = YES;
				CLANG_WARN_BLOCK_CAPTURE_AUTORELEASING = YES;
				CLANG_WARN_BOOL_CONVERSION = YES;
				CLANG_WARN_COMMA = YES;
				CLANG_WARN_CONSTANT_CONVERSION = YES;
				CLANG_WARN_DEPRECATED_OBJC_IMPLEMENTATIONS = YES;
				CLANG_WARN_DIRECT_OBJC_ISA_USAGE = YES_ERROR;
				CLANG_WARN_DOCUMENTATION_COMMENTS = YES;
				CLANG_WARN_EMPTY_BODY = YES;
				CLANG_WARN_ENUM_CONVERSION = YES;
				CLANG_WARN_INFINITE_RECURSION = YES;
				CLANG_WARN_INT_CONVERSION = YES;
				CLANG_WARN_NON_LITERAL_NULL_CONVERSION = YES;
				CLANG_WARN_OBJC_IMPLICIT_RETAIN_SELF = YES;
				CLANG_WARN_OBJC_LITERAL_CONVERSION = YES;
				CLANG_WARN_OBJC_ROOT_CLASS = YES_ERROR;
				CLANG_WARN_QUOTED_INCLUDE_IN_FRAMEWORK_HEADER = YES;
				CLANG_WARN_RANGE_LOOP_ANALYSIS = YES;
				CLANG_WARN_STRICT_PROTOTYPES = YES;
				CLANG_WARN_SUSPICIOUS_MOVE = YES;
				CLANG_WARN_UNGUARDED_AVAILABILITY = YES_AGGRESSIVE;
				CLANG_WARN_UNREACHABLE_CODE = YES;
				CLANG_WARN__DUPLICATE_METHOD_MATCH = YES;
				COPY_PHASE_STRIP = NO;
				DEBUG_INFORMATION_FORMAT = "dwarf-with-dsym";
				ENABLE_NS_ASSERTIONS = NO;
				ENABLE_STRICT_OBJC_MSGSEND = YES;
				GCC_C_LANGUAGE_STANDARD = gnu11;
				GCC_NO_COMMON_BLOCKS = YES;
				GCC_WARN_64_TO_32_BIT_CONVERSION = YES;
				GCC_WARN_ABOUT_RETURN_TYPE = YES_ERROR;
				GCC_WARN_UNDECLARED_SELECTOR = YES;
				GCC_WARN_UNINITIALIZED_AUTOS = YES_AGGRESSIVE;
				GCC_WARN_UNUSED_FUNCTION = YES;
				GCC_WARN_UNUSED_VARIABLE = YES;
				IPHONEOS_DEPLOYMENT_TARGET = 12.1;
				MTL_ENABLE_DEBUG_INFO = NO;
				MTL_FAST_MATH = YES;
				SDKROOT = iphoneos;
				SWIFT_COMPILATION_MODE = wholemodule;
				SWIFT_OPTIMIZATION_LEVEL = "-O";
				VALIDATE_PRODUCT = YES;
			};
			name = Release;
		};
		6293C1D725E7E69900718F31 /* Debug */ = {
			isa = XCBuildConfiguration;
			baseConfigurationReference = 7A3E0BD7D676D97B13DBE849 /* Pods-Connect Prevision.debug.xcconfig */;
			buildSettings = {
				ASSETCATALOG_COMPILER_APPICON_NAME = AppIcon;
				ASSETCATALOG_COMPILER_GLOBAL_ACCENT_COLOR_NAME = AccentColor;
				CODE_SIGN_IDENTITY = "Apple Development";
				CODE_SIGN_STYLE = Automatic;
				DEVELOPMENT_TEAM = 44V9FMY9WF;
				"EXCLUDED_ARCHS[sdk=*]" = arm64;
				INFOPLIST_FILE = "Connect Prevision/Supporting Files/Info.plist";
				LD_RUNPATH_SEARCH_PATHS = (
					"$(inherited)",
					"@executable_path/Frameworks",
				);
				PRODUCT_BUNDLE_IDENTIFIER = "br.com.Connect-Prevision";
				PRODUCT_NAME = "$(TARGET_NAME)";
				PROVISIONING_PROFILE_SPECIFIER = "";
				SWIFT_VERSION = 5.0;
				TARGETED_DEVICE_FAMILY = "1,2";
			};
			name = Debug;
		};
		6293C1D825E7E69900718F31 /* Release */ = {
			isa = XCBuildConfiguration;
			baseConfigurationReference = 700252023C2EDB4E6703ECE3 /* Pods-Connect Prevision.release.xcconfig */;
			buildSettings = {
				ASSETCATALOG_COMPILER_APPICON_NAME = AppIcon;
				ASSETCATALOG_COMPILER_GLOBAL_ACCENT_COLOR_NAME = AccentColor;
				CODE_SIGN_IDENTITY = "Apple Development";
				CODE_SIGN_STYLE = Automatic;
				DEVELOPMENT_TEAM = 44V9FMY9WF;
				"EXCLUDED_ARCHS[sdk=*]" = arm64;
				INFOPLIST_FILE = "Connect Prevision/Supporting Files/Info.plist";
				LD_RUNPATH_SEARCH_PATHS = (
					"$(inherited)",
					"@executable_path/Frameworks",
				);
				PRODUCT_BUNDLE_IDENTIFIER = "br.com.Connect-Prevision";
				PRODUCT_NAME = "$(TARGET_NAME)";
				PROVISIONING_PROFILE_SPECIFIER = "";
				SWIFT_VERSION = 5.0;
				TARGETED_DEVICE_FAMILY = "1,2";
			};
			name = Release;
		};
		6293C1DA25E7E69900718F31 /* Debug */ = {
			isa = XCBuildConfiguration;
			baseConfigurationReference = 4F793F45182EC74B22C7240E /* Pods-Connect PrevisionTests.debug.xcconfig */;
			buildSettings = {
				ALWAYS_EMBED_SWIFT_STANDARD_LIBRARIES = YES;
				BUNDLE_LOADER = "$(TEST_HOST)";
				CODE_SIGN_STYLE = Automatic;
				DEVELOPMENT_TEAM = D2A2N7H2HX;
				INFOPLIST_FILE = "Connect PrevisionTests/Info.plist";
				IPHONEOS_DEPLOYMENT_TARGET = 14.4;
				LD_RUNPATH_SEARCH_PATHS = (
					"$(inherited)",
					"@executable_path/Frameworks",
					"@loader_path/Frameworks",
				);
				PRODUCT_BUNDLE_IDENTIFIER = "br.com.Connect-PrevisionTests";
				PRODUCT_NAME = "$(TARGET_NAME)";
				SWIFT_VERSION = 5.0;
				TARGETED_DEVICE_FAMILY = "1,2";
				TEST_HOST = "$(BUILT_PRODUCTS_DIR)/Connect Prevision.app/Connect Prevision";
			};
			name = Debug;
		};
		6293C1DB25E7E69900718F31 /* Release */ = {
			isa = XCBuildConfiguration;
			baseConfigurationReference = 7DAF3806FD4C518F17FA2E18 /* Pods-Connect PrevisionTests.release.xcconfig */;
			buildSettings = {
				ALWAYS_EMBED_SWIFT_STANDARD_LIBRARIES = YES;
				BUNDLE_LOADER = "$(TEST_HOST)";
				CODE_SIGN_STYLE = Automatic;
				DEVELOPMENT_TEAM = D2A2N7H2HX;
				INFOPLIST_FILE = "Connect PrevisionTests/Info.plist";
				IPHONEOS_DEPLOYMENT_TARGET = 14.4;
				LD_RUNPATH_SEARCH_PATHS = (
					"$(inherited)",
					"@executable_path/Frameworks",
					"@loader_path/Frameworks",
				);
				PRODUCT_BUNDLE_IDENTIFIER = "br.com.Connect-PrevisionTests";
				PRODUCT_NAME = "$(TARGET_NAME)";
				SWIFT_VERSION = 5.0;
				TARGETED_DEVICE_FAMILY = "1,2";
				TEST_HOST = "$(BUILT_PRODUCTS_DIR)/Connect Prevision.app/Connect Prevision";
			};
			name = Release;
		};
		6293C1DD25E7E69900718F31 /* Debug */ = {
			isa = XCBuildConfiguration;
			baseConfigurationReference = EBA1D7ADFBA0F6BA1ECD8BC9 /* Pods-Connect Prevision-Connect PrevisionUITests.debug.xcconfig */;
			buildSettings = {
				ALWAYS_EMBED_SWIFT_STANDARD_LIBRARIES = YES;
				CODE_SIGN_STYLE = Automatic;
				DEVELOPMENT_TEAM = D2A2N7H2HX;
				INFOPLIST_FILE = "Connect PrevisionUITests/Info.plist";
				LD_RUNPATH_SEARCH_PATHS = (
					"$(inherited)",
					"@executable_path/Frameworks",
					"@loader_path/Frameworks",
				);
				PRODUCT_BUNDLE_IDENTIFIER = "br.com.Connect-PrevisionUITests";
				PRODUCT_NAME = "$(TARGET_NAME)";
				SWIFT_VERSION = 5.0;
				TARGETED_DEVICE_FAMILY = "1,2";
				TEST_TARGET_NAME = "Connect Prevision";
			};
			name = Debug;
		};
		6293C1DE25E7E69900718F31 /* Release */ = {
			isa = XCBuildConfiguration;
			baseConfigurationReference = 8E31829D91A67AD087D64C57 /* Pods-Connect Prevision-Connect PrevisionUITests.release.xcconfig */;
			buildSettings = {
				ALWAYS_EMBED_SWIFT_STANDARD_LIBRARIES = YES;
				CODE_SIGN_STYLE = Automatic;
				DEVELOPMENT_TEAM = D2A2N7H2HX;
				INFOPLIST_FILE = "Connect PrevisionUITests/Info.plist";
				LD_RUNPATH_SEARCH_PATHS = (
					"$(inherited)",
					"@executable_path/Frameworks",
					"@loader_path/Frameworks",
				);
				PRODUCT_BUNDLE_IDENTIFIER = "br.com.Connect-PrevisionUITests";
				PRODUCT_NAME = "$(TARGET_NAME)";
				SWIFT_VERSION = 5.0;
				TARGETED_DEVICE_FAMILY = "1,2";
				TEST_TARGET_NAME = "Connect Prevision";
			};
			name = Release;
		};
/* End XCBuildConfiguration section */

/* Begin XCConfigurationList section */
		6293C1A725E7E69900718F31 /* Build configuration list for PBXProject "Connect Prevision" */ = {
			isa = XCConfigurationList;
			buildConfigurations = (
				6293C1D425E7E69900718F31 /* Debug */,
				6293C1D525E7E69900718F31 /* Release */,
			);
			defaultConfigurationIsVisible = 0;
			defaultConfigurationName = Release;
		};
		6293C1D625E7E69900718F31 /* Build configuration list for PBXNativeTarget "Connect Prevision" */ = {
			isa = XCConfigurationList;
			buildConfigurations = (
				6293C1D725E7E69900718F31 /* Debug */,
				6293C1D825E7E69900718F31 /* Release */,
			);
			defaultConfigurationIsVisible = 0;
			defaultConfigurationName = Release;
		};
		6293C1D925E7E69900718F31 /* Build configuration list for PBXNativeTarget "Connect PrevisionTests" */ = {
			isa = XCConfigurationList;
			buildConfigurations = (
				6293C1DA25E7E69900718F31 /* Debug */,
				6293C1DB25E7E69900718F31 /* Release */,
			);
			defaultConfigurationIsVisible = 0;
			defaultConfigurationName = Release;
		};
		6293C1DC25E7E69900718F31 /* Build configuration list for PBXNativeTarget "Connect PrevisionUITests" */ = {
			isa = XCConfigurationList;
			buildConfigurations = (
				6293C1DD25E7E69900718F31 /* Debug */,
				6293C1DE25E7E69900718F31 /* Release */,
			);
			defaultConfigurationIsVisible = 0;
			defaultConfigurationName = Release;
		};
/* End XCConfigurationList section */
	};
	rootObject = 6293C1A425E7E69900718F31 /* Project object */;
}
